// !$*UTF8*$!
{
	archiveVersion = 1;
	classes = {
	};
	objectVersion = 46;
	objects = {

/* Begin PBXBuildFile section */
		03B057B318DCFAFF0010EF87 /* XCTest.framework in Frameworks */ = {isa = PBXBuildFile; fileRef = 03B057B218DCFAFF0010EF87 /* XCTest.framework */; };
		03B057B918DCFAFF0010EF87 /* InfoPlist.strings in Resources */ = {isa = PBXBuildFile; fileRef = 03B057B718DCFAFF0010EF87 /* InfoPlist.strings */; };
		03B057C318DCFB1B0010EF87 /* Base64Tests.m in Sources */ = {isa = PBXBuildFile; fileRef = 03B057C218DCFB1B0010EF87 /* Base64Tests.m */; };
		03B0584118DCFB8D0010EF87 /* CCoreDataManager.m in Sources */ = {isa = PBXBuildFile; fileRef = 03B057C818DCFB8D0010EF87 /* CCoreDataManager.m */; };
		03B0584218DCFB8D0010EF87 /* CCoreDataManager.m in Sources */ = {isa = PBXBuildFile; fileRef = 03B057C818DCFB8D0010EF87 /* CCoreDataManager.m */; };
		03B0584318DCFB8D0010EF87 /* CDebuggingManagedObjectContext.m in Sources */ = {isa = PBXBuildFile; fileRef = 03B057CA18DCFB8D0010EF87 /* CDebuggingManagedObjectContext.m */; };
		03B0584418DCFB8D0010EF87 /* CDebuggingManagedObjectContext.m in Sources */ = {isa = PBXBuildFile; fileRef = 03B057CA18DCFB8D0010EF87 /* CDebuggingManagedObjectContext.m */; };
		03B0584518DCFB8D0010EF87 /* NSManagedObjectContext_Extensions.m in Sources */ = {isa = PBXBuildFile; fileRef = 03B057CC18DCFB8D0010EF87 /* NSManagedObjectContext_Extensions.m */; };
		03B0584618DCFB8D0010EF87 /* NSManagedObjectContext_Extensions.m in Sources */ = {isa = PBXBuildFile; fileRef = 03B057CC18DCFB8D0010EF87 /* NSManagedObjectContext_Extensions.m */; };
		03B0584718DCFB8D0010EF87 /* CBlockValueTransformer.m in Sources */ = {isa = PBXBuildFile; fileRef = 03B057CF18DCFB8D0010EF87 /* CBlockValueTransformer.m */; };
		03B0584818DCFB8D0010EF87 /* CBlockValueTransformer.m in Sources */ = {isa = PBXBuildFile; fileRef = 03B057CF18DCFB8D0010EF87 /* CBlockValueTransformer.m */; };
		03B0584918DCFB8D0010EF87 /* ISO8601DateFormatter.m in Sources */ = {isa = PBXBuildFile; fileRef = 03B057D318DCFB8D0010EF87 /* ISO8601DateFormatter.m */; };
		03B0584A18DCFB8D0010EF87 /* ISO8601DateFormatter.m in Sources */ = {isa = PBXBuildFile; fileRef = 03B057D318DCFB8D0010EF87 /* ISO8601DateFormatter.m */; };
		03B0584B18DCFB8D0010EF87 /* NSDate_Extensions.m in Sources */ = {isa = PBXBuildFile; fileRef = 03B057D518DCFB8D0010EF87 /* NSDate_Extensions.m */; };
		03B0584C18DCFB8D0010EF87 /* NSDate_Extensions.m in Sources */ = {isa = PBXBuildFile; fileRef = 03B057D518DCFB8D0010EF87 /* NSDate_Extensions.m */; };
		03B0584D18DCFB8D0010EF87 /* NSDate_InternetDateExtensions.m in Sources */ = {isa = PBXBuildFile; fileRef = 03B057D718DCFB8D0010EF87 /* NSDate_InternetDateExtensions.m */; };
		03B0584E18DCFB8D0010EF87 /* NSDate_InternetDateExtensions.m in Sources */ = {isa = PBXBuildFile; fileRef = 03B057D718DCFB8D0010EF87 /* NSDate_InternetDateExtensions.m */; };
		03B0584F18DCFB8D0010EF87 /* NSDate_LiberalDates.m in Sources */ = {isa = PBXBuildFile; fileRef = 03B057D918DCFB8D0010EF87 /* NSDate_LiberalDates.m */; };
		03B0585018DCFB8D0010EF87 /* NSDate_LiberalDates.m in Sources */ = {isa = PBXBuildFile; fileRef = 03B057D918DCFB8D0010EF87 /* NSDate_LiberalDates.m */; };
		03B0585118DCFB8D0010EF87 /* NSDateFormatter_InternetDateExtensions.m in Sources */ = {isa = PBXBuildFile; fileRef = 03B057DB18DCFB8D0010EF87 /* NSDateFormatter_InternetDateExtensions.m */; };
		03B0585218DCFB8D0010EF87 /* NSDateFormatter_InternetDateExtensions.m in Sources */ = {isa = PBXBuildFile; fileRef = 03B057DB18DCFB8D0010EF87 /* NSDateFormatter_InternetDateExtensions.m */; };
		03B0585318DCFB8D0010EF87 /* NSArray_Extensions.m in Sources */ = {isa = PBXBuildFile; fileRef = 03B057DD18DCFB8D0010EF87 /* NSArray_Extensions.m */; };
		03B0585418DCFB8D0010EF87 /* NSArray_Extensions.m in Sources */ = {isa = PBXBuildFile; fileRef = 03B057DD18DCFB8D0010EF87 /* NSArray_Extensions.m */; };
		03B0585518DCFB8D0010EF87 /* NSData_Base64Extensions.m in Sources */ = {isa = PBXBuildFile; fileRef = 03B057DF18DCFB8D0010EF87 /* NSData_Base64Extensions.m */; };
		03B0585618DCFB8D0010EF87 /* NSData_Base64Extensions.m in Sources */ = {isa = PBXBuildFile; fileRef = 03B057DF18DCFB8D0010EF87 /* NSData_Base64Extensions.m */; };
		03B0585718DCFB8D0010EF87 /* NSData_DigestExtensions.m in Sources */ = {isa = PBXBuildFile; fileRef = 03B057E118DCFB8D0010EF87 /* NSData_DigestExtensions.m */; };
		03B0585818DCFB8D0010EF87 /* NSData_DigestExtensions.m in Sources */ = {isa = PBXBuildFile; fileRef = 03B057E118DCFB8D0010EF87 /* NSData_DigestExtensions.m */; };
		03B0585918DCFB8D0010EF87 /* NSData_Extensions.m in Sources */ = {isa = PBXBuildFile; fileRef = 03B057E318DCFB8D0010EF87 /* NSData_Extensions.m */; };
		03B0585A18DCFB8D0010EF87 /* NSData_Extensions.m in Sources */ = {isa = PBXBuildFile; fileRef = 03B057E318DCFB8D0010EF87 /* NSData_Extensions.m */; };
		03B0585B18DCFB8D0010EF87 /* NSDecimalNumber_Extensions.m in Sources */ = {isa = PBXBuildFile; fileRef = 03B057E518DCFB8D0010EF87 /* NSDecimalNumber_Extensions.m */; };
		03B0585C18DCFB8D0010EF87 /* NSDecimalNumber_Extensions.m in Sources */ = {isa = PBXBuildFile; fileRef = 03B057E518DCFB8D0010EF87 /* NSDecimalNumber_Extensions.m */; };
		03B0585D18DCFB8D0010EF87 /* NSError_Extensions.m in Sources */ = {isa = PBXBuildFile; fileRef = 03B057E718DCFB8D0010EF87 /* NSError_Extensions.m */; };
		03B0585E18DCFB8D0010EF87 /* NSError_Extensions.m in Sources */ = {isa = PBXBuildFile; fileRef = 03B057E718DCFB8D0010EF87 /* NSError_Extensions.m */; };
		03B0585F18DCFB8D0010EF87 /* NSFileHandle_Extensions.m in Sources */ = {isa = PBXBuildFile; fileRef = 03B057E918DCFB8D0010EF87 /* NSFileHandle_Extensions.m */; };
		03B0586018DCFB8D0010EF87 /* NSFileHandle_Extensions.m in Sources */ = {isa = PBXBuildFile; fileRef = 03B057E918DCFB8D0010EF87 /* NSFileHandle_Extensions.m */; };
		03B0586118DCFB8D0010EF87 /* NSFileManager_Extensions.m in Sources */ = {isa = PBXBuildFile; fileRef = 03B057EB18DCFB8D0010EF87 /* NSFileManager_Extensions.m */; };
		03B0586218DCFB8D0010EF87 /* NSFileManager_Extensions.m in Sources */ = {isa = PBXBuildFile; fileRef = 03B057EB18DCFB8D0010EF87 /* NSFileManager_Extensions.m */; };
		03B0586318DCFB8D0010EF87 /* NSNumber_Extensions.m in Sources */ = {isa = PBXBuildFile; fileRef = 03B057ED18DCFB8D0010EF87 /* NSNumber_Extensions.m */; };
		03B0586418DCFB8D0010EF87 /* NSNumber_Extensions.m in Sources */ = {isa = PBXBuildFile; fileRef = 03B057ED18DCFB8D0010EF87 /* NSNumber_Extensions.m */; };
		03B0586518DCFB8D0010EF87 /* NSObject_KVCExtensions.m in Sources */ = {isa = PBXBuildFile; fileRef = 03B057EF18DCFB8D0010EF87 /* NSObject_KVCExtensions.m */; };
		03B0586618DCFB8D0010EF87 /* NSObject_KVCExtensions.m in Sources */ = {isa = PBXBuildFile; fileRef = 03B057EF18DCFB8D0010EF87 /* NSObject_KVCExtensions.m */; };
		03B0586718DCFB8D0010EF87 /* NSObject_KVOBlock.m in Sources */ = {isa = PBXBuildFile; fileRef = 03B057F118DCFB8D0010EF87 /* NSObject_KVOBlock.m */; };
		03B0586818DCFB8D0010EF87 /* NSObject_KVOBlock.m in Sources */ = {isa = PBXBuildFile; fileRef = 03B057F118DCFB8D0010EF87 /* NSObject_KVOBlock.m */; };
		03B0586918DCFB8D0010EF87 /* NSOperationQueue_Extensions.m in Sources */ = {isa = PBXBuildFile; fileRef = 03B057F318DCFB8D0010EF87 /* NSOperationQueue_Extensions.m */; };
		03B0586A18DCFB8D0010EF87 /* NSOperationQueue_Extensions.m in Sources */ = {isa = PBXBuildFile; fileRef = 03B057F318DCFB8D0010EF87 /* NSOperationQueue_Extensions.m */; };
		03B0586B18DCFB8D0010EF87 /* NSScanner_Extensions.m in Sources */ = {isa = PBXBuildFile; fileRef = 03B057F518DCFB8D0010EF87 /* NSScanner_Extensions.m */; };
		03B0586C18DCFB8D0010EF87 /* NSScanner_Extensions.m in Sources */ = {isa = PBXBuildFile; fileRef = 03B057F518DCFB8D0010EF87 /* NSScanner_Extensions.m */; };
		03B0586D18DCFB8D0010EF87 /* NSScanner_HTMLExtensions.m in Sources */ = {isa = PBXBuildFile; fileRef = 03B057F718DCFB8D0010EF87 /* NSScanner_HTMLExtensions.m */; };
		03B0586E18DCFB8D0010EF87 /* NSScanner_HTMLExtensions.m in Sources */ = {isa = PBXBuildFile; fileRef = 03B057F718DCFB8D0010EF87 /* NSScanner_HTMLExtensions.m */; };
		03B0586F18DCFB8D0010EF87 /* NSSet_Extensions.m in Sources */ = {isa = PBXBuildFile; fileRef = 03B057F918DCFB8D0010EF87 /* NSSet_Extensions.m */; };
		03B0587018DCFB8D0010EF87 /* NSSet_Extensions.m in Sources */ = {isa = PBXBuildFile; fileRef = 03B057F918DCFB8D0010EF87 /* NSSet_Extensions.m */; };
		03B0587118DCFB8D0010EF87 /* NSString_Extensions.m in Sources */ = {isa = PBXBuildFile; fileRef = 03B057FB18DCFB8D0010EF87 /* NSString_Extensions.m */; };
		03B0587218DCFB8D0010EF87 /* NSString_Extensions.m in Sources */ = {isa = PBXBuildFile; fileRef = 03B057FB18DCFB8D0010EF87 /* NSString_Extensions.m */; };
		03B0587318DCFB8D0010EF87 /* NSString_HTMLExtensions.m in Sources */ = {isa = PBXBuildFile; fileRef = 03B057FD18DCFB8D0010EF87 /* NSString_HTMLExtensions.m */; };
		03B0587418DCFB8D0010EF87 /* NSString_HTMLExtensions.m in Sources */ = {isa = PBXBuildFile; fileRef = 03B057FD18DCFB8D0010EF87 /* NSString_HTMLExtensions.m */; };
		03B0587518DCFB8D0010EF87 /* NSURL_ComponentsExtensions.m in Sources */ = {isa = PBXBuildFile; fileRef = 03B057FF18DCFB8D0010EF87 /* NSURL_ComponentsExtensions.m */; };
		03B0587618DCFB8D0010EF87 /* NSURL_ComponentsExtensions.m in Sources */ = {isa = PBXBuildFile; fileRef = 03B057FF18DCFB8D0010EF87 /* NSURL_ComponentsExtensions.m */; };
		03B0587718DCFB8D0010EF87 /* NSURL_DataExtensions.m in Sources */ = {isa = PBXBuildFile; fileRef = 03B0580118DCFB8D0010EF87 /* NSURL_DataExtensions.m */; };
		03B0587818DCFB8D0010EF87 /* NSURL_DataExtensions.m in Sources */ = {isa = PBXBuildFile; fileRef = 03B0580118DCFB8D0010EF87 /* NSURL_DataExtensions.m */; };
		03B0587918DCFB8D0010EF87 /* NSURL_Extensions.m in Sources */ = {isa = PBXBuildFile; fileRef = 03B0580318DCFB8D0010EF87 /* NSURL_Extensions.m */; };
		03B0587A18DCFB8D0010EF87 /* NSURL_Extensions.m in Sources */ = {isa = PBXBuildFile; fileRef = 03B0580318DCFB8D0010EF87 /* NSURL_Extensions.m */; };
		03B0587B18DCFB8D0010EF87 /* NSURLResponse_Extensions.m in Sources */ = {isa = PBXBuildFile; fileRef = 03B0580518DCFB8D0010EF87 /* NSURLResponse_Extensions.m */; };
		03B0587C18DCFB8D0010EF87 /* NSURLResponse_Extensions.m in Sources */ = {isa = PBXBuildFile; fileRef = 03B0580518DCFB8D0010EF87 /* NSURLResponse_Extensions.m */; };
		03B0587D18DCFB8D0010EF87 /* NSValue_Extensions.m in Sources */ = {isa = PBXBuildFile; fileRef = 03B0580718DCFB8D0010EF87 /* NSValue_Extensions.m */; };
		03B0587E18DCFB8D0010EF87 /* NSValue_Extensions.m in Sources */ = {isa = PBXBuildFile; fileRef = 03B0580718DCFB8D0010EF87 /* NSValue_Extensions.m */; };
		03B0587F18DCFB8D0010EF87 /* CInvocationGrabber.m in Sources */ = {isa = PBXBuildFile; fileRef = 03B0580A18DCFB8D0010EF87 /* CInvocationGrabber.m */; };
		03B0588018DCFB8D0010EF87 /* CInvocationGrabber.m in Sources */ = {isa = PBXBuildFile; fileRef = 03B0580A18DCFB8D0010EF87 /* CInvocationGrabber.m */; };
		03B0588118DCFB8D0010EF87 /* NSObject_InvocationGrabberExtensions.m in Sources */ = {isa = PBXBuildFile; fileRef = 03B0580C18DCFB8D0010EF87 /* NSObject_InvocationGrabberExtensions.m */; };
		03B0588218DCFB8D0010EF87 /* NSObject_InvocationGrabberExtensions.m in Sources */ = {isa = PBXBuildFile; fileRef = 03B0580C18DCFB8D0010EF87 /* NSObject_InvocationGrabberExtensions.m */; };
		03B0588318DCFB8D0010EF87 /* Base64Transcoder.c in Sources */ = {isa = PBXBuildFile; fileRef = 03B0580E18DCFB8D0010EF87 /* Base64Transcoder.c */; };
		03B0588418DCFB8D0010EF87 /* Base64Transcoder.c in Sources */ = {isa = PBXBuildFile; fileRef = 03B0580E18DCFB8D0010EF87 /* Base64Transcoder.c */; };
		03B0588518DCFB8D0010EF87 /* CArrayMergeHelper.m in Sources */ = {isa = PBXBuildFile; fileRef = 03B0581118DCFB8D0010EF87 /* CArrayMergeHelper.m */; };
		03B0588618DCFB8D0010EF87 /* CArrayMergeHelper.m in Sources */ = {isa = PBXBuildFile; fileRef = 03B0581118DCFB8D0010EF87 /* CArrayMergeHelper.m */; };
		03B0588718DCFB8D0010EF87 /* CDateRange.m in Sources */ = {isa = PBXBuildFile; fileRef = 03B0581318DCFB8D0010EF87 /* CDateRange.m */; };
		03B0588818DCFB8D0010EF87 /* CDateRange.m in Sources */ = {isa = PBXBuildFile; fileRef = 03B0581318DCFB8D0010EF87 /* CDateRange.m */; };
		03B0588918DCFB8D0010EF87 /* CFormEncodingSerialization.m in Sources */ = {isa = PBXBuildFile; fileRef = 03B0581518DCFB8D0010EF87 /* CFormEncodingSerialization.m */; };
		03B0588A18DCFB8D0010EF87 /* CFormEncodingSerialization.m in Sources */ = {isa = PBXBuildFile; fileRef = 03B0581518DCFB8D0010EF87 /* CFormEncodingSerialization.m */; };
		03B0588B18DCFB8D0010EF87 /* CJSONValueTransformer.m in Sources */ = {isa = PBXBuildFile; fileRef = 03B0581718DCFB8D0010EF87 /* CJSONValueTransformer.m */; };
		03B0588C18DCFB8D0010EF87 /* CJSONValueTransformer.m in Sources */ = {isa = PBXBuildFile; fileRef = 03B0581718DCFB8D0010EF87 /* CJSONValueTransformer.m */; };
		03B0588D18DCFB8D0010EF87 /* CPersistentCache.m in Sources */ = {isa = PBXBuildFile; fileRef = 03B0581918DCFB8D0010EF87 /* CPersistentCache.m */; };
		03B0588E18DCFB8D0010EF87 /* CPersistentCache.m in Sources */ = {isa = PBXBuildFile; fileRef = 03B0581918DCFB8D0010EF87 /* CPersistentCache.m */; };
		03B0588F18DCFB8D0010EF87 /* CTemporaryData.m in Sources */ = {isa = PBXBuildFile; fileRef = 03B0581B18DCFB8D0010EF87 /* CTemporaryData.m */; };
		03B0589018DCFB8D0010EF87 /* CTemporaryData.m in Sources */ = {isa = PBXBuildFile; fileRef = 03B0581B18DCFB8D0010EF87 /* CTemporaryData.m */; };
		03B0589118DCFB8D0010EF87 /* CTemporaryFile.m in Sources */ = {isa = PBXBuildFile; fileRef = 03B0581D18DCFB8D0010EF87 /* CTemporaryFile.m */; };
		03B0589218DCFB8D0010EF87 /* CTemporaryFile.m in Sources */ = {isa = PBXBuildFile; fileRef = 03B0581D18DCFB8D0010EF87 /* CTemporaryFile.m */; };
		03B0589318DCFB8D0010EF87 /* CTrivialTemplate.m in Sources */ = {isa = PBXBuildFile; fileRef = 03B0581F18DCFB8D0010EF87 /* CTrivialTemplate.m */; };
		03B0589418DCFB8D0010EF87 /* CTrivialTemplate.m in Sources */ = {isa = PBXBuildFile; fileRef = 03B0581F18DCFB8D0010EF87 /* CTrivialTemplate.m */; };
		03B0589518DCFB8D0010EF87 /* CTypedData.m in Sources */ = {isa = PBXBuildFile; fileRef = 03B0582118DCFB8D0010EF87 /* CTypedData.m */; };
		03B0589618DCFB8D0010EF87 /* CTypedData.m in Sources */ = {isa = PBXBuildFile; fileRef = 03B0582118DCFB8D0010EF87 /* CTypedData.m */; };
		03B0589718DCFB8D0010EF87 /* CTypedData_JSONExtensions.m in Sources */ = {isa = PBXBuildFile; fileRef = 03B0582318DCFB8D0010EF87 /* CTypedData_JSONExtensions.m */; };
		03B0589818DCFB8D0010EF87 /* CTypedData_JSONExtensions.m in Sources */ = {isa = PBXBuildFile; fileRef = 03B0582318DCFB8D0010EF87 /* CTypedData_JSONExtensions.m */; };
		03B0589918DCFB8D0010EF87 /* CURLOperation.m in Sources */ = {isa = PBXBuildFile; fileRef = 03B0582518DCFB8D0010EF87 /* CURLOperation.m */; };
		03B0589A18DCFB8D0010EF87 /* CURLOperation.m in Sources */ = {isa = PBXBuildFile; fileRef = 03B0582518DCFB8D0010EF87 /* CURLOperation.m */; };
		03B0589B18DCFB8D0010EF87 /* CValueValidator.m in Sources */ = {isa = PBXBuildFile; fileRef = 03B0582718DCFB8D0010EF87 /* CValueValidator.m */; };
		03B0589C18DCFB8D0010EF87 /* CValueValidator.m in Sources */ = {isa = PBXBuildFile; fileRef = 03B0582718DCFB8D0010EF87 /* CValueValidator.m */; };
		03B0589D18DCFB8D0010EF87 /* CValueWrapper.m in Sources */ = {isa = PBXBuildFile; fileRef = 03B0582918DCFB8D0010EF87 /* CValueWrapper.m */; };
		03B0589E18DCFB8D0010EF87 /* CValueWrapper.m in Sources */ = {isa = PBXBuildFile; fileRef = 03B0582918DCFB8D0010EF87 /* CValueWrapper.m */; };
		03B0589F18DCFB8D0010EF87 /* Geometry.m in Sources */ = {isa = PBXBuildFile; fileRef = 03B0582B18DCFB8D0010EF87 /* Geometry.m */; };
		03B058A018DCFB8D0010EF87 /* Geometry.m in Sources */ = {isa = PBXBuildFile; fileRef = 03B0582B18DCFB8D0010EF87 /* Geometry.m */; };
		03B058A118DCFB8D0010EF87 /* CNetworkManager.m in Sources */ = {isa = PBXBuildFile; fileRef = 03B0582E18DCFB8D0010EF87 /* CNetworkManager.m */; };
		03B058A218DCFB8D0010EF87 /* CNetworkManager.m in Sources */ = {isa = PBXBuildFile; fileRef = 03B0582E18DCFB8D0010EF87 /* CNetworkManager.m */; };
		03B058A318DCFB8D0010EF87 /* CTestNetworkManager.m in Sources */ = {isa = PBXBuildFile; fileRef = 03B0583018DCFB8D0010EF87 /* CTestNetworkManager.m */; };
		03B058A418DCFB8D0010EF87 /* CTestNetworkManager.m in Sources */ = {isa = PBXBuildFile; fileRef = 03B0583018DCFB8D0010EF87 /* CTestNetworkManager.m */; };
		03B058A518DCFB8D0010EF87 /* CBundleResourceURLProtocol.m in Sources */ = {isa = PBXBuildFile; fileRef = 03B0583418DCFB8D0010EF87 /* CBundleResourceURLProtocol.m */; };
		03B058A618DCFB8D0010EF87 /* CBundleResourceURLProtocol.m in Sources */ = {isa = PBXBuildFile; fileRef = 03B0583418DCFB8D0010EF87 /* CBundleResourceURLProtocol.m */; };
		03B058A718DCFB8D0010EF87 /* CCommaArrayTransformer.m in Sources */ = {isa = PBXBuildFile; fileRef = 03B0583718DCFB8D0010EF87 /* CCommaArrayTransformer.m */; };
		03B058A818DCFB8D0010EF87 /* CCommaArrayTransformer.m in Sources */ = {isa = PBXBuildFile; fileRef = 03B0583718DCFB8D0010EF87 /* CCommaArrayTransformer.m */; };
		03B058A918DCFB8D0010EF87 /* CFloatTransformer.m in Sources */ = {isa = PBXBuildFile; fileRef = 03B0583918DCFB8D0010EF87 /* CFloatTransformer.m */; };
		03B058AA18DCFB8D0010EF87 /* CFloatTransformer.m in Sources */ = {isa = PBXBuildFile; fileRef = 03B0583918DCFB8D0010EF87 /* CFloatTransformer.m */; };
		03B058AB18DCFB8D0010EF87 /* CHumanDateFormatter.m in Sources */ = {isa = PBXBuildFile; fileRef = 03B0583B18DCFB8D0010EF87 /* CHumanDateFormatter.m */; };
		03B058AC18DCFB8D0010EF87 /* CHumanDateFormatter.m in Sources */ = {isa = PBXBuildFile; fileRef = 03B0583B18DCFB8D0010EF87 /* CHumanDateFormatter.m */; };
		03B058AD18DCFB8D0010EF87 /* CNumberToStringValueTransformer.m in Sources */ = {isa = PBXBuildFile; fileRef = 03B0583D18DCFB8D0010EF87 /* CNumberToStringValueTransformer.m */; };
		03B058AE18DCFB8D0010EF87 /* CNumberToStringValueTransformer.m in Sources */ = {isa = PBXBuildFile; fileRef = 03B0583D18DCFB8D0010EF87 /* CNumberToStringValueTransformer.m */; };
		03B058AF18DCFB8D0010EF87 /* CYAKeychain.m in Sources */ = {isa = PBXBuildFile; fileRef = 03B0584018DCFB8D0010EF87 /* CYAKeychain.m */; };
		03B058B018DCFB8D0010EF87 /* CYAKeychain.m in Sources */ = {isa = PBXBuildFile; fileRef = 03B0584018DCFB8D0010EF87 /* CYAKeychain.m */; };
		03B058B318DCFC260010EF87 /* ISO8601TimeZoneTests.m in Sources */ = {isa = PBXBuildFile; fileRef = 03B058B218DCFC260010EF87 /* ISO8601TimeZoneTests.m */; };
		454063430FBF658A0023C06D /* main.m in Sources */ = {isa = PBXBuildFile; fileRef = 08FB7796FE84155DC02AAC07 /* main.m */; };
		45943A0814488AF60061768C /* CoreData.framework in Frameworks */ = {isa = PBXBuildFile; fileRef = 45943A0714488AF60061768C /* CoreData.framework */; };
		45943A0A14488B050061768C /* CoreServices.framework in Frameworks */ = {isa = PBXBuildFile; fileRef = 45943A0914488B050061768C /* CoreServices.framework */; };
		45943A0C14488BC70061768C /* Security.framework in Frameworks */ = {isa = PBXBuildFile; fileRef = 45943A0B14488BC70061768C /* Security.framework */; };
		45943A1214488CDD0061768C /* ApplicationServices.framework in Frameworks */ = {isa = PBXBuildFile; fileRef = 45943A1114488CDD0061768C /* ApplicationServices.framework */; };
		8DD76F9C0486AA7600D96B5E /* Foundation.framework in Frameworks */ = {isa = PBXBuildFile; fileRef = 08FB779EFE84155DC02AAC07 /* Foundation.framework */; };
/* End PBXBuildFile section */

/* Begin PBXContainerItemProxy section */
		03B057BD18DCFAFF0010EF87 /* PBXContainerItemProxy */ = {
			isa = PBXContainerItemProxy;
			containerPortal = 08FB7793FE84155DC02AAC07 /* Project object */;
			proxyType = 1;
			remoteGlobalIDString = 8DD76F960486AA7600D96B5E;
			remoteInfo = TestBed;
		};
/* End PBXContainerItemProxy section */

/* Begin PBXCopyFilesBuildPhase section */
		8DD76F9E0486AA7600D96B5E /* CopyFiles */ = {
			isa = PBXCopyFilesBuildPhase;
			buildActionMask = 8;
			dstPath = /usr/share/man/man1/;
			dstSubfolderSpec = 0;
			files = (
			);
			runOnlyForDeploymentPostprocessing = 1;
		};
/* End PBXCopyFilesBuildPhase section */

/* Begin PBXFileReference section */
		03B057B018DCFAFF0010EF87 /* TouchFoundation Tests.xctest */ = {isa = PBXFileReference; explicitFileType = wrapper.cfbundle; includeInIndex = 0; path = "TouchFoundation Tests.xctest"; sourceTree = BUILT_PRODUCTS_DIR; };
		03B057B218DCFAFF0010EF87 /* XCTest.framework */ = {isa = PBXFileReference; lastKnownFileType = wrapper.framework; name = XCTest.framework; path = Library/Frameworks/XCTest.framework; sourceTree = DEVELOPER_DIR; };
		03B057B618DCFAFF0010EF87 /* TouchFoundation Tests-Info.plist */ = {isa = PBXFileReference; lastKnownFileType = text.plist.xml; path = "TouchFoundation Tests-Info.plist"; sourceTree = "<group>"; };
		03B057B818DCFAFF0010EF87 /* en */ = {isa = PBXFileReference; lastKnownFileType = text.plist.strings; name = en; path = en.lproj/InfoPlist.strings; sourceTree = "<group>"; };
		03B057BC18DCFAFF0010EF87 /* TouchFoundation Tests-Prefix.pch */ = {isa = PBXFileReference; lastKnownFileType = sourcecode.c.h; path = "TouchFoundation Tests-Prefix.pch"; sourceTree = "<group>"; };
		03B057C218DCFB1B0010EF87 /* Base64Tests.m */ = {isa = PBXFileReference; fileEncoding = 4; lastKnownFileType = sourcecode.c.objc; name = Base64Tests.m; path = Tests/Base64Tests.m; sourceTree = "<group>"; };
		03B057C518DCFB8D0010EF87 /* Asserts.h */ = {isa = PBXFileReference; fileEncoding = 4; lastKnownFileType = sourcecode.c.h; path = Asserts.h; sourceTree = "<group>"; };
		03B057C718DCFB8D0010EF87 /* CCoreDataManager.h */ = {isa = PBXFileReference; fileEncoding = 4; lastKnownFileType = sourcecode.c.h; path = CCoreDataManager.h; sourceTree = "<group>"; };
		03B057C818DCFB8D0010EF87 /* CCoreDataManager.m */ = {isa = PBXFileReference; fileEncoding = 4; lastKnownFileType = sourcecode.c.objc; path = CCoreDataManager.m; sourceTree = "<group>"; };
		03B057C918DCFB8D0010EF87 /* CDebuggingManagedObjectContext.h */ = {isa = PBXFileReference; fileEncoding = 4; lastKnownFileType = sourcecode.c.h; path = CDebuggingManagedObjectContext.h; sourceTree = "<group>"; };
		03B057CA18DCFB8D0010EF87 /* CDebuggingManagedObjectContext.m */ = {isa = PBXFileReference; fileEncoding = 4; lastKnownFileType = sourcecode.c.objc; path = CDebuggingManagedObjectContext.m; sourceTree = "<group>"; };
		03B057CB18DCFB8D0010EF87 /* NSManagedObjectContext_Extensions.h */ = {isa = PBXFileReference; fileEncoding = 4; lastKnownFileType = sourcecode.c.h; path = NSManagedObjectContext_Extensions.h; sourceTree = "<group>"; };
		03B057CC18DCFB8D0010EF87 /* NSManagedObjectContext_Extensions.m */ = {isa = PBXFileReference; fileEncoding = 4; lastKnownFileType = sourcecode.c.objc; path = NSManagedObjectContext_Extensions.m; sourceTree = "<group>"; };
		03B057CE18DCFB8D0010EF87 /* CBlockValueTransformer.h */ = {isa = PBXFileReference; fileEncoding = 4; lastKnownFileType = sourcecode.c.h; path = CBlockValueTransformer.h; sourceTree = "<group>"; };
		03B057CF18DCFB8D0010EF87 /* CBlockValueTransformer.m */ = {isa = PBXFileReference; fileEncoding = 4; lastKnownFileType = sourcecode.c.objc; path = CBlockValueTransformer.m; sourceTree = "<group>"; };
		03B057D218DCFB8D0010EF87 /* ISO8601DateFormatter.h */ = {isa = PBXFileReference; fileEncoding = 4; lastKnownFileType = sourcecode.c.h; path = ISO8601DateFormatter.h; sourceTree = "<group>"; };
		03B057D318DCFB8D0010EF87 /* ISO8601DateFormatter.m */ = {isa = PBXFileReference; fileEncoding = 4; lastKnownFileType = sourcecode.c.objc; path = ISO8601DateFormatter.m; sourceTree = "<group>"; };
		03B057D418DCFB8D0010EF87 /* NSDate_Extensions.h */ = {isa = PBXFileReference; fileEncoding = 4; lastKnownFileType = sourcecode.c.h; path = NSDate_Extensions.h; sourceTree = "<group>"; };
		03B057D518DCFB8D0010EF87 /* NSDate_Extensions.m */ = {isa = PBXFileReference; fileEncoding = 4; lastKnownFileType = sourcecode.c.objc; path = NSDate_Extensions.m; sourceTree = "<group>"; };
		03B057D618DCFB8D0010EF87 /* NSDate_InternetDateExtensions.h */ = {isa = PBXFileReference; fileEncoding = 4; lastKnownFileType = sourcecode.c.h; path = NSDate_InternetDateExtensions.h; sourceTree = "<group>"; };
		03B057D718DCFB8D0010EF87 /* NSDate_InternetDateExtensions.m */ = {isa = PBXFileReference; fileEncoding = 4; lastKnownFileType = sourcecode.c.objc; path = NSDate_InternetDateExtensions.m; sourceTree = "<group>"; };
		03B057D818DCFB8D0010EF87 /* NSDate_LiberalDates.h */ = {isa = PBXFileReference; fileEncoding = 4; lastKnownFileType = sourcecode.c.h; path = NSDate_LiberalDates.h; sourceTree = "<group>"; };
		03B057D918DCFB8D0010EF87 /* NSDate_LiberalDates.m */ = {isa = PBXFileReference; fileEncoding = 4; lastKnownFileType = sourcecode.c.objc; path = NSDate_LiberalDates.m; sourceTree = "<group>"; };
		03B057DA18DCFB8D0010EF87 /* NSDateFormatter_InternetDateExtensions.h */ = {isa = PBXFileReference; fileEncoding = 4; lastKnownFileType = sourcecode.c.h; path = NSDateFormatter_InternetDateExtensions.h; sourceTree = "<group>"; };
		03B057DB18DCFB8D0010EF87 /* NSDateFormatter_InternetDateExtensions.m */ = {isa = PBXFileReference; fileEncoding = 4; lastKnownFileType = sourcecode.c.objc; path = NSDateFormatter_InternetDateExtensions.m; sourceTree = "<group>"; };
		03B057DC18DCFB8D0010EF87 /* NSArray_Extensions.h */ = {isa = PBXFileReference; fileEncoding = 4; lastKnownFileType = sourcecode.c.h; path = NSArray_Extensions.h; sourceTree = "<group>"; };
		03B057DD18DCFB8D0010EF87 /* NSArray_Extensions.m */ = {isa = PBXFileReference; fileEncoding = 4; lastKnownFileType = sourcecode.c.objc; path = NSArray_Extensions.m; sourceTree = "<group>"; };
		03B057DE18DCFB8D0010EF87 /* NSData_Base64Extensions.h */ = {isa = PBXFileReference; fileEncoding = 4; lastKnownFileType = sourcecode.c.h; path = NSData_Base64Extensions.h; sourceTree = "<group>"; };
		03B057DF18DCFB8D0010EF87 /* NSData_Base64Extensions.m */ = {isa = PBXFileReference; fileEncoding = 4; lastKnownFileType = sourcecode.c.objc; path = NSData_Base64Extensions.m; sourceTree = "<group>"; };
		03B057E018DCFB8D0010EF87 /* NSData_DigestExtensions.h */ = {isa = PBXFileReference; fileEncoding = 4; lastKnownFileType = sourcecode.c.h; path = NSData_DigestExtensions.h; sourceTree = "<group>"; };
		03B057E118DCFB8D0010EF87 /* NSData_DigestExtensions.m */ = {isa = PBXFileReference; fileEncoding = 4; lastKnownFileType = sourcecode.c.objc; path = NSData_DigestExtensions.m; sourceTree = "<group>"; };
		03B057E218DCFB8D0010EF87 /* NSData_Extensions.h */ = {isa = PBXFileReference; fileEncoding = 4; lastKnownFileType = sourcecode.c.h; path = NSData_Extensions.h; sourceTree = "<group>"; };
		03B057E318DCFB8D0010EF87 /* NSData_Extensions.m */ = {isa = PBXFileReference; fileEncoding = 4; lastKnownFileType = sourcecode.c.objc; path = NSData_Extensions.m; sourceTree = "<group>"; };
		03B057E418DCFB8D0010EF87 /* NSDecimalNumber_Extensions.h */ = {isa = PBXFileReference; fileEncoding = 4; lastKnownFileType = sourcecode.c.h; path = NSDecimalNumber_Extensions.h; sourceTree = "<group>"; };
		03B057E518DCFB8D0010EF87 /* NSDecimalNumber_Extensions.m */ = {isa = PBXFileReference; fileEncoding = 4; lastKnownFileType = sourcecode.c.objc; path = NSDecimalNumber_Extensions.m; sourceTree = "<group>"; };
		03B057E618DCFB8D0010EF87 /* NSError_Extensions.h */ = {isa = PBXFileReference; fileEncoding = 4; lastKnownFileType = sourcecode.c.h; path = NSError_Extensions.h; sourceTree = "<group>"; };
		03B057E718DCFB8D0010EF87 /* NSError_Extensions.m */ = {isa = PBXFileReference; fileEncoding = 4; lastKnownFileType = sourcecode.c.objc; path = NSError_Extensions.m; sourceTree = "<group>"; };
		03B057E818DCFB8D0010EF87 /* NSFileHandle_Extensions.h */ = {isa = PBXFileReference; fileEncoding = 4; lastKnownFileType = sourcecode.c.h; path = NSFileHandle_Extensions.h; sourceTree = "<group>"; };
		03B057E918DCFB8D0010EF87 /* NSFileHandle_Extensions.m */ = {isa = PBXFileReference; fileEncoding = 4; lastKnownFileType = sourcecode.c.objc; path = NSFileHandle_Extensions.m; sourceTree = "<group>"; };
		03B057EA18DCFB8D0010EF87 /* NSFileManager_Extensions.h */ = {isa = PBXFileReference; fileEncoding = 4; lastKnownFileType = sourcecode.c.h; path = NSFileManager_Extensions.h; sourceTree = "<group>"; };
		03B057EB18DCFB8D0010EF87 /* NSFileManager_Extensions.m */ = {isa = PBXFileReference; fileEncoding = 4; lastKnownFileType = sourcecode.c.objc; path = NSFileManager_Extensions.m; sourceTree = "<group>"; };
		03B057EC18DCFB8D0010EF87 /* NSNumber_Extensions.h */ = {isa = PBXFileReference; fileEncoding = 4; lastKnownFileType = sourcecode.c.h; path = NSNumber_Extensions.h; sourceTree = "<group>"; };
		03B057ED18DCFB8D0010EF87 /* NSNumber_Extensions.m */ = {isa = PBXFileReference; fileEncoding = 4; lastKnownFileType = sourcecode.c.objc; path = NSNumber_Extensions.m; sourceTree = "<group>"; };
		03B057EE18DCFB8D0010EF87 /* NSObject_KVCExtensions.h */ = {isa = PBXFileReference; fileEncoding = 4; lastKnownFileType = sourcecode.c.h; path = NSObject_KVCExtensions.h; sourceTree = "<group>"; };
		03B057EF18DCFB8D0010EF87 /* NSObject_KVCExtensions.m */ = {isa = PBXFileReference; fileEncoding = 4; lastKnownFileType = sourcecode.c.objc; path = NSObject_KVCExtensions.m; sourceTree = "<group>"; };
		03B057F018DCFB8D0010EF87 /* NSObject_KVOBlock.h */ = {isa = PBXFileReference; fileEncoding = 4; lastKnownFileType = sourcecode.c.h; path = NSObject_KVOBlock.h; sourceTree = "<group>"; };
		03B057F118DCFB8D0010EF87 /* NSObject_KVOBlock.m */ = {isa = PBXFileReference; fileEncoding = 4; lastKnownFileType = sourcecode.c.objc; path = NSObject_KVOBlock.m; sourceTree = "<group>"; };
		03B057F218DCFB8D0010EF87 /* NSOperationQueue_Extensions.h */ = {isa = PBXFileReference; fileEncoding = 4; lastKnownFileType = sourcecode.c.h; path = NSOperationQueue_Extensions.h; sourceTree = "<group>"; };
		03B057F318DCFB8D0010EF87 /* NSOperationQueue_Extensions.m */ = {isa = PBXFileReference; fileEncoding = 4; lastKnownFileType = sourcecode.c.objc; path = NSOperationQueue_Extensions.m; sourceTree = "<group>"; };
		03B057F418DCFB8D0010EF87 /* NSScanner_Extensions.h */ = {isa = PBXFileReference; fileEncoding = 4; lastKnownFileType = sourcecode.c.h; path = NSScanner_Extensions.h; sourceTree = "<group>"; };
		03B057F518DCFB8D0010EF87 /* NSScanner_Extensions.m */ = {isa = PBXFileReference; fileEncoding = 4; lastKnownFileType = sourcecode.c.objc; path = NSScanner_Extensions.m; sourceTree = "<group>"; };
		03B057F618DCFB8D0010EF87 /* NSScanner_HTMLExtensions.h */ = {isa = PBXFileReference; fileEncoding = 4; lastKnownFileType = sourcecode.c.h; path = NSScanner_HTMLExtensions.h; sourceTree = "<group>"; };
		03B057F718DCFB8D0010EF87 /* NSScanner_HTMLExtensions.m */ = {isa = PBXFileReference; fileEncoding = 4; lastKnownFileType = sourcecode.c.objc; path = NSScanner_HTMLExtensions.m; sourceTree = "<group>"; };
		03B057F818DCFB8D0010EF87 /* NSSet_Extensions.h */ = {isa = PBXFileReference; fileEncoding = 4; lastKnownFileType = sourcecode.c.h; path = NSSet_Extensions.h; sourceTree = "<group>"; };
		03B057F918DCFB8D0010EF87 /* NSSet_Extensions.m */ = {isa = PBXFileReference; fileEncoding = 4; lastKnownFileType = sourcecode.c.objc; path = NSSet_Extensions.m; sourceTree = "<group>"; };
		03B057FA18DCFB8D0010EF87 /* NSString_Extensions.h */ = {isa = PBXFileReference; fileEncoding = 4; lastKnownFileType = sourcecode.c.h; path = NSString_Extensions.h; sourceTree = "<group>"; };
		03B057FB18DCFB8D0010EF87 /* NSString_Extensions.m */ = {isa = PBXFileReference; fileEncoding = 4; lastKnownFileType = sourcecode.c.objc; path = NSString_Extensions.m; sourceTree = "<group>"; };
		03B057FC18DCFB8D0010EF87 /* NSString_HTMLExtensions.h */ = {isa = PBXFileReference; fileEncoding = 4; lastKnownFileType = sourcecode.c.h; path = NSString_HTMLExtensions.h; sourceTree = "<group>"; };
		03B057FD18DCFB8D0010EF87 /* NSString_HTMLExtensions.m */ = {isa = PBXFileReference; fileEncoding = 4; lastKnownFileType = sourcecode.c.objc; path = NSString_HTMLExtensions.m; sourceTree = "<group>"; };
		03B057FE18DCFB8D0010EF87 /* NSURL_ComponentsExtensions.h */ = {isa = PBXFileReference; fileEncoding = 4; lastKnownFileType = sourcecode.c.h; path = NSURL_ComponentsExtensions.h; sourceTree = "<group>"; };
		03B057FF18DCFB8D0010EF87 /* NSURL_ComponentsExtensions.m */ = {isa = PBXFileReference; fileEncoding = 4; lastKnownFileType = sourcecode.c.objc; path = NSURL_ComponentsExtensions.m; sourceTree = "<group>"; };
		03B0580018DCFB8D0010EF87 /* NSURL_DataExtensions.h */ = {isa = PBXFileReference; fileEncoding = 4; lastKnownFileType = sourcecode.c.h; path = NSURL_DataExtensions.h; sourceTree = "<group>"; };
		03B0580118DCFB8D0010EF87 /* NSURL_DataExtensions.m */ = {isa = PBXFileReference; fileEncoding = 4; lastKnownFileType = sourcecode.c.objc; path = NSURL_DataExtensions.m; sourceTree = "<group>"; };
		03B0580218DCFB8D0010EF87 /* NSURL_Extensions.h */ = {isa = PBXFileReference; fileEncoding = 4; lastKnownFileType = sourcecode.c.h; path = NSURL_Extensions.h; sourceTree = "<group>"; };
		03B0580318DCFB8D0010EF87 /* NSURL_Extensions.m */ = {isa = PBXFileReference; fileEncoding = 4; lastKnownFileType = sourcecode.c.objc; path = NSURL_Extensions.m; sourceTree = "<group>"; };
		03B0580418DCFB8D0010EF87 /* NSURLResponse_Extensions.h */ = {isa = PBXFileReference; fileEncoding = 4; lastKnownFileType = sourcecode.c.h; path = NSURLResponse_Extensions.h; sourceTree = "<group>"; };
		03B0580518DCFB8D0010EF87 /* NSURLResponse_Extensions.m */ = {isa = PBXFileReference; fileEncoding = 4; lastKnownFileType = sourcecode.c.objc; path = NSURLResponse_Extensions.m; sourceTree = "<group>"; };
		03B0580618DCFB8D0010EF87 /* NSValue_Extensions.h */ = {isa = PBXFileReference; fileEncoding = 4; lastKnownFileType = sourcecode.c.h; path = NSValue_Extensions.h; sourceTree = "<group>"; };
		03B0580718DCFB8D0010EF87 /* NSValue_Extensions.m */ = {isa = PBXFileReference; fileEncoding = 4; lastKnownFileType = sourcecode.c.objc; path = NSValue_Extensions.m; sourceTree = "<group>"; };
		03B0580918DCFB8D0010EF87 /* CInvocationGrabber.h */ = {isa = PBXFileReference; fileEncoding = 4; lastKnownFileType = sourcecode.c.h; path = CInvocationGrabber.h; sourceTree = "<group>"; };
		03B0580A18DCFB8D0010EF87 /* CInvocationGrabber.m */ = {isa = PBXFileReference; fileEncoding = 4; lastKnownFileType = sourcecode.c.objc; path = CInvocationGrabber.m; sourceTree = "<group>"; };
		03B0580B18DCFB8D0010EF87 /* NSObject_InvocationGrabberExtensions.h */ = {isa = PBXFileReference; fileEncoding = 4; lastKnownFileType = sourcecode.c.h; path = NSObject_InvocationGrabberExtensions.h; sourceTree = "<group>"; };
		03B0580C18DCFB8D0010EF87 /* NSObject_InvocationGrabberExtensions.m */ = {isa = PBXFileReference; fileEncoding = 4; lastKnownFileType = sourcecode.c.objc; path = NSObject_InvocationGrabberExtensions.m; sourceTree = "<group>"; };
		03B0580E18DCFB8D0010EF87 /* Base64Transcoder.c */ = {isa = PBXFileReference; fileEncoding = 4; lastKnownFileType = sourcecode.c.c; path = Base64Transcoder.c; sourceTree = "<group>"; };
		03B0580F18DCFB8D0010EF87 /* Base64Transcoder.h */ = {isa = PBXFileReference; fileEncoding = 4; lastKnownFileType = sourcecode.c.h; path = Base64Transcoder.h; sourceTree = "<group>"; };
		03B0581018DCFB8D0010EF87 /* CArrayMergeHelper.h */ = {isa = PBXFileReference; fileEncoding = 4; lastKnownFileType = sourcecode.c.h; path = CArrayMergeHelper.h; sourceTree = "<group>"; };
		03B0581118DCFB8D0010EF87 /* CArrayMergeHelper.m */ = {isa = PBXFileReference; fileEncoding = 4; lastKnownFileType = sourcecode.c.objc; path = CArrayMergeHelper.m; sourceTree = "<group>"; };
		03B0581218DCFB8D0010EF87 /* CDateRange.h */ = {isa = PBXFileReference; fileEncoding = 4; lastKnownFileType = sourcecode.c.h; path = CDateRange.h; sourceTree = "<group>"; };
		03B0581318DCFB8D0010EF87 /* CDateRange.m */ = {isa = PBXFileReference; fileEncoding = 4; lastKnownFileType = sourcecode.c.objc; path = CDateRange.m; sourceTree = "<group>"; };
		03B0581418DCFB8D0010EF87 /* CFormEncodingSerialization.h */ = {isa = PBXFileReference; fileEncoding = 4; lastKnownFileType = sourcecode.c.h; path = CFormEncodingSerialization.h; sourceTree = "<group>"; };
		03B0581518DCFB8D0010EF87 /* CFormEncodingSerialization.m */ = {isa = PBXFileReference; fileEncoding = 4; lastKnownFileType = sourcecode.c.objc; path = CFormEncodingSerialization.m; sourceTree = "<group>"; };
		03B0581618DCFB8D0010EF87 /* CJSONValueTransformer.h */ = {isa = PBXFileReference; fileEncoding = 4; lastKnownFileType = sourcecode.c.h; path = CJSONValueTransformer.h; sourceTree = "<group>"; };
		03B0581718DCFB8D0010EF87 /* CJSONValueTransformer.m */ = {isa = PBXFileReference; fileEncoding = 4; lastKnownFileType = sourcecode.c.objc; path = CJSONValueTransformer.m; sourceTree = "<group>"; };
		03B0581818DCFB8D0010EF87 /* CPersistentCache.h */ = {isa = PBXFileReference; fileEncoding = 4; lastKnownFileType = sourcecode.c.h; path = CPersistentCache.h; sourceTree = "<group>"; };
		03B0581918DCFB8D0010EF87 /* CPersistentCache.m */ = {isa = PBXFileReference; fileEncoding = 4; lastKnownFileType = sourcecode.c.objc; path = CPersistentCache.m; sourceTree = "<group>"; };
		03B0581A18DCFB8D0010EF87 /* CTemporaryData.h */ = {isa = PBXFileReference; fileEncoding = 4; lastKnownFileType = sourcecode.c.h; path = CTemporaryData.h; sourceTree = "<group>"; };
		03B0581B18DCFB8D0010EF87 /* CTemporaryData.m */ = {isa = PBXFileReference; fileEncoding = 4; lastKnownFileType = sourcecode.c.objc; path = CTemporaryData.m; sourceTree = "<group>"; };
		03B0581C18DCFB8D0010EF87 /* CTemporaryFile.h */ = {isa = PBXFileReference; fileEncoding = 4; lastKnownFileType = sourcecode.c.h; path = CTemporaryFile.h; sourceTree = "<group>"; };
		03B0581D18DCFB8D0010EF87 /* CTemporaryFile.m */ = {isa = PBXFileReference; fileEncoding = 4; lastKnownFileType = sourcecode.c.objc; path = CTemporaryFile.m; sourceTree = "<group>"; };
		03B0581E18DCFB8D0010EF87 /* CTrivialTemplate.h */ = {isa = PBXFileReference; fileEncoding = 4; lastKnownFileType = sourcecode.c.h; path = CTrivialTemplate.h; sourceTree = "<group>"; };
		03B0581F18DCFB8D0010EF87 /* CTrivialTemplate.m */ = {isa = PBXFileReference; fileEncoding = 4; lastKnownFileType = sourcecode.c.objc; path = CTrivialTemplate.m; sourceTree = "<group>"; };
		03B0582018DCFB8D0010EF87 /* CTypedData.h */ = {isa = PBXFileReference; fileEncoding = 4; lastKnownFileType = sourcecode.c.h; path = CTypedData.h; sourceTree = "<group>"; };
		03B0582118DCFB8D0010EF87 /* CTypedData.m */ = {isa = PBXFileReference; fileEncoding = 4; lastKnownFileType = sourcecode.c.objc; path = CTypedData.m; sourceTree = "<group>"; };
		03B0582218DCFB8D0010EF87 /* CTypedData_JSONExtensions.h */ = {isa = PBXFileReference; fileEncoding = 4; lastKnownFileType = sourcecode.c.h; path = CTypedData_JSONExtensions.h; sourceTree = "<group>"; };
		03B0582318DCFB8D0010EF87 /* CTypedData_JSONExtensions.m */ = {isa = PBXFileReference; fileEncoding = 4; lastKnownFileType = sourcecode.c.objc; path = CTypedData_JSONExtensions.m; sourceTree = "<group>"; };
		03B0582418DCFB8D0010EF87 /* CURLOperation.h */ = {isa = PBXFileReference; fileEncoding = 4; lastKnownFileType = sourcecode.c.h; path = CURLOperation.h; sourceTree = "<group>"; };
		03B0582518DCFB8D0010EF87 /* CURLOperation.m */ = {isa = PBXFileReference; fileEncoding = 4; lastKnownFileType = sourcecode.c.objc; path = CURLOperation.m; sourceTree = "<group>"; };
		03B0582618DCFB8D0010EF87 /* CValueValidator.h */ = {isa = PBXFileReference; fileEncoding = 4; lastKnownFileType = sourcecode.c.h; path = CValueValidator.h; sourceTree = "<group>"; };
		03B0582718DCFB8D0010EF87 /* CValueValidator.m */ = {isa = PBXFileReference; fileEncoding = 4; lastKnownFileType = sourcecode.c.objc; path = CValueValidator.m; sourceTree = "<group>"; };
		03B0582818DCFB8D0010EF87 /* CValueWrapper.h */ = {isa = PBXFileReference; fileEncoding = 4; lastKnownFileType = sourcecode.c.h; path = CValueWrapper.h; sourceTree = "<group>"; };
		03B0582918DCFB8D0010EF87 /* CValueWrapper.m */ = {isa = PBXFileReference; fileEncoding = 4; lastKnownFileType = sourcecode.c.objc; path = CValueWrapper.m; sourceTree = "<group>"; };
		03B0582A18DCFB8D0010EF87 /* Geometry.h */ = {isa = PBXFileReference; fileEncoding = 4; lastKnownFileType = sourcecode.c.h; path = Geometry.h; sourceTree = "<group>"; };
		03B0582B18DCFB8D0010EF87 /* Geometry.m */ = {isa = PBXFileReference; fileEncoding = 4; lastKnownFileType = sourcecode.c.objc; path = Geometry.m; sourceTree = "<group>"; };
		03B0582D18DCFB8D0010EF87 /* CNetworkManager.h */ = {isa = PBXFileReference; fileEncoding = 4; lastKnownFileType = sourcecode.c.h; path = CNetworkManager.h; sourceTree = "<group>"; };
		03B0582E18DCFB8D0010EF87 /* CNetworkManager.m */ = {isa = PBXFileReference; fileEncoding = 4; lastKnownFileType = sourcecode.c.objc; path = CNetworkManager.m; sourceTree = "<group>"; };
		03B0582F18DCFB8D0010EF87 /* CTestNetworkManager.h */ = {isa = PBXFileReference; fileEncoding = 4; lastKnownFileType = sourcecode.c.h; path = CTestNetworkManager.h; sourceTree = "<group>"; };
		03B0583018DCFB8D0010EF87 /* CTestNetworkManager.m */ = {isa = PBXFileReference; fileEncoding = 4; lastKnownFileType = sourcecode.c.objc; path = CTestNetworkManager.m; sourceTree = "<group>"; };
		03B0583118DCFB8D0010EF87 /* TouchcodePrefix.h */ = {isa = PBXFileReference; fileEncoding = 4; lastKnownFileType = sourcecode.c.h; path = TouchcodePrefix.h; sourceTree = "<group>"; };
		03B0583318DCFB8D0010EF87 /* CBundleResourceURLProtocol.h */ = {isa = PBXFileReference; fileEncoding = 4; lastKnownFileType = sourcecode.c.h; path = CBundleResourceURLProtocol.h; sourceTree = "<group>"; };
		03B0583418DCFB8D0010EF87 /* CBundleResourceURLProtocol.m */ = {isa = PBXFileReference; fileEncoding = 4; lastKnownFileType = sourcecode.c.objc; path = CBundleResourceURLProtocol.m; sourceTree = "<group>"; };
		03B0583618DCFB8D0010EF87 /* CCommaArrayTransformer.h */ = {isa = PBXFileReference; fileEncoding = 4; lastKnownFileType = sourcecode.c.h; path = CCommaArrayTransformer.h; sourceTree = "<group>"; };
		03B0583718DCFB8D0010EF87 /* CCommaArrayTransformer.m */ = {isa = PBXFileReference; fileEncoding = 4; lastKnownFileType = sourcecode.c.objc; path = CCommaArrayTransformer.m; sourceTree = "<group>"; };
		03B0583818DCFB8D0010EF87 /* CFloatTransformer.h */ = {isa = PBXFileReference; fileEncoding = 4; lastKnownFileType = sourcecode.c.h; path = CFloatTransformer.h; sourceTree = "<group>"; };
		03B0583918DCFB8D0010EF87 /* CFloatTransformer.m */ = {isa = PBXFileReference; fileEncoding = 4; lastKnownFileType = sourcecode.c.objc; path = CFloatTransformer.m; sourceTree = "<group>"; };
		03B0583A18DCFB8D0010EF87 /* CHumanDateFormatter.h */ = {isa = PBXFileReference; fileEncoding = 4; lastKnownFileType = sourcecode.c.h; path = CHumanDateFormatter.h; sourceTree = "<group>"; };
		03B0583B18DCFB8D0010EF87 /* CHumanDateFormatter.m */ = {isa = PBXFileReference; fileEncoding = 4; lastKnownFileType = sourcecode.c.objc; path = CHumanDateFormatter.m; sourceTree = "<group>"; };
		03B0583C18DCFB8D0010EF87 /* CNumberToStringValueTransformer.h */ = {isa = PBXFileReference; fileEncoding = 4; lastKnownFileType = sourcecode.c.h; path = CNumberToStringValueTransformer.h; sourceTree = "<group>"; };
		03B0583D18DCFB8D0010EF87 /* CNumberToStringValueTransformer.m */ = {isa = PBXFileReference; fileEncoding = 4; lastKnownFileType = sourcecode.c.objc; path = CNumberToStringValueTransformer.m; sourceTree = "<group>"; };
		03B0583F18DCFB8D0010EF87 /* CYAKeychain.h */ = {isa = PBXFileReference; fileEncoding = 4; lastKnownFileType = sourcecode.c.h; path = CYAKeychain.h; sourceTree = "<group>"; };
		03B0584018DCFB8D0010EF87 /* CYAKeychain.m */ = {isa = PBXFileReference; fileEncoding = 4; lastKnownFileType = sourcecode.c.objc; path = CYAKeychain.m; sourceTree = "<group>"; };
		03B058B218DCFC260010EF87 /* ISO8601TimeZoneTests.m */ = {isa = PBXFileReference; fileEncoding = 4; lastKnownFileType = sourcecode.c.objc; name = ISO8601TimeZoneTests.m; path = Tests/ISO8601TimeZoneTests.m; sourceTree = "<group>"; };
		08FB7796FE84155DC02AAC07 /* main.m */ = {isa = PBXFileReference; fileEncoding = 4; lastKnownFileType = sourcecode.c.objc; path = main.m; sourceTree = "<group>"; };
		08FB779EFE84155DC02AAC07 /* Foundation.framework */ = {isa = PBXFileReference; lastKnownFileType = wrapper.framework; name = Foundation.framework; path = /System/Library/Frameworks/Foundation.framework; sourceTree = "<absolute>"; };
		45232A8C0FF423BF0015D9D0 /* UnitTests.octest */ = {isa = PBXFileReference; explicitFileType = wrapper.cfbundle; includeInIndex = 0; path = UnitTests.octest; sourceTree = BUILT_PRODUCTS_DIR; };
		45232A8D0FF423BF0015D9D0 /* UnitTests-Info.plist */ = {isa = PBXFileReference; lastKnownFileType = text.plist.xml; path = "UnitTests-Info.plist"; sourceTree = "<group>"; };
		45943A0714488AF60061768C /* CoreData.framework */ = {isa = PBXFileReference; lastKnownFileType = wrapper.framework; name = CoreData.framework; path = /System/Library/Frameworks/CoreData.framework; sourceTree = "<absolute>"; };
		45943A0914488B050061768C /* CoreServices.framework */ = {isa = PBXFileReference; lastKnownFileType = wrapper.framework; name = CoreServices.framework; path = /System/Library/Frameworks/CoreServices.framework; sourceTree = "<absolute>"; };
		45943A0B14488BC70061768C /* Security.framework */ = {isa = PBXFileReference; lastKnownFileType = wrapper.framework; name = Security.framework; path = /System/Library/Frameworks/Security.framework; sourceTree = "<absolute>"; };
		45943A0D14488CC70061768C /* QuartzCore.framework */ = {isa = PBXFileReference; lastKnownFileType = wrapper.framework; name = QuartzCore.framework; path = /System/Library/Frameworks/QuartzCore.framework; sourceTree = "<absolute>"; };
		45943A0F14488CD30061768C /* Quartz.framework */ = {isa = PBXFileReference; lastKnownFileType = wrapper.framework; name = Quartz.framework; path = /System/Library/Frameworks/Quartz.framework; sourceTree = "<absolute>"; };
		45943A1114488CDD0061768C /* ApplicationServices.framework */ = {isa = PBXFileReference; lastKnownFileType = wrapper.framework; name = ApplicationServices.framework; path = /System/Library/Frameworks/ApplicationServices.framework; sourceTree = "<absolute>"; };
		8DD76FA10486AA7600D96B5E /* UnitTesting */ = {isa = PBXFileReference; explicitFileType = "compiled.mach-o.executable"; includeInIndex = 0; path = UnitTesting; sourceTree = BUILT_PRODUCTS_DIR; };
/* End PBXFileReference section */

/* Begin PBXFrameworksBuildPhase section */
		03B057AD18DCFAFF0010EF87 /* Frameworks */ = {
			isa = PBXFrameworksBuildPhase;
			buildActionMask = 2147483647;
			files = (
				03B057B318DCFAFF0010EF87 /* XCTest.framework in Frameworks */,
			);
			runOnlyForDeploymentPostprocessing = 0;
		};
		45232A890FF423BF0015D9D0 /* Frameworks */ = {
			isa = PBXFrameworksBuildPhase;
			buildActionMask = 2147483647;
			files = (
			);
			runOnlyForDeploymentPostprocessing = 0;
		};
		8DD76F9B0486AA7600D96B5E /* Frameworks */ = {
			isa = PBXFrameworksBuildPhase;
			buildActionMask = 2147483647;
			files = (
				45943A1214488CDD0061768C /* ApplicationServices.framework in Frameworks */,
				45943A0C14488BC70061768C /* Security.framework in Frameworks */,
				45943A0A14488B050061768C /* CoreServices.framework in Frameworks */,
				45943A0814488AF60061768C /* CoreData.framework in Frameworks */,
				8DD76F9C0486AA7600D96B5E /* Foundation.framework in Frameworks */,
			);
			runOnlyForDeploymentPostprocessing = 0;
		};
/* End PBXFrameworksBuildPhase section */

/* Begin PBXGroup section */
		03B057B518DCFAFF0010EF87 /* Supporting Files */ = {
			isa = PBXGroup;
			children = (
				03B057B618DCFAFF0010EF87 /* TouchFoundation Tests-Info.plist */,
				03B057B718DCFAFF0010EF87 /* InfoPlist.strings */,
				03B057BC18DCFAFF0010EF87 /* TouchFoundation Tests-Prefix.pch */,
			);
			path = "Supporting Files";
			sourceTree = "<group>";
		};
		03B057C418DCFB8D0010EF87 /* Source */ = {
			isa = PBXGroup;
			children = (
				03B057C518DCFB8D0010EF87 /* Asserts.h */,
				03B057C618DCFB8D0010EF87 /* CoreData */,
				03B057CD18DCFB8D0010EF87 /* Extensions */,
				03B0580818DCFB8D0010EF87 /* InvocationGrabber */,
				03B0580D18DCFB8D0010EF87 /* Misc */,
				03B0582C18DCFB8D0010EF87 /* Networking */,
				03B0583118DCFB8D0010EF87 /* TouchcodePrefix.h */,
				03B0583218DCFB8D0010EF87 /* URLProtocols */,
				03B0583518DCFB8D0010EF87 /* ValueTransformers */,
				03B0583E18DCFB8D0010EF87 /* YAKeychain */,
			);
			name = Source;
			path = ../Source;
			sourceTree = "<group>";
		};
		03B057C618DCFB8D0010EF87 /* CoreData */ = {
			isa = PBXGroup;
			children = (
				03B057C718DCFB8D0010EF87 /* CCoreDataManager.h */,
				03B057C818DCFB8D0010EF87 /* CCoreDataManager.m */,
				03B057C918DCFB8D0010EF87 /* CDebuggingManagedObjectContext.h */,
				03B057CA18DCFB8D0010EF87 /* CDebuggingManagedObjectContext.m */,
				03B057CB18DCFB8D0010EF87 /* NSManagedObjectContext_Extensions.h */,
				03B057CC18DCFB8D0010EF87 /* NSManagedObjectContext_Extensions.m */,
			);
			path = CoreData;
			sourceTree = "<group>";
		};
		03B057CD18DCFB8D0010EF87 /* Extensions */ = {
			isa = PBXGroup;
			children = (
				03B057CE18DCFB8D0010EF87 /* CBlockValueTransformer.h */,
				03B057CF18DCFB8D0010EF87 /* CBlockValueTransformer.m */,
				03B057D018DCFB8D0010EF87 /* Dates */,
				03B057DC18DCFB8D0010EF87 /* NSArray_Extensions.h */,
				03B057DD18DCFB8D0010EF87 /* NSArray_Extensions.m */,
				03B057DE18DCFB8D0010EF87 /* NSData_Base64Extensions.h */,
				03B057DF18DCFB8D0010EF87 /* NSData_Base64Extensions.m */,
				03B057E018DCFB8D0010EF87 /* NSData_DigestExtensions.h */,
				03B057E118DCFB8D0010EF87 /* NSData_DigestExtensions.m */,
				03B057E218DCFB8D0010EF87 /* NSData_Extensions.h */,
				03B057E318DCFB8D0010EF87 /* NSData_Extensions.m */,
				03B057E418DCFB8D0010EF87 /* NSDecimalNumber_Extensions.h */,
				03B057E518DCFB8D0010EF87 /* NSDecimalNumber_Extensions.m */,
				03B057E618DCFB8D0010EF87 /* NSError_Extensions.h */,
				03B057E718DCFB8D0010EF87 /* NSError_Extensions.m */,
				03B057E818DCFB8D0010EF87 /* NSFileHandle_Extensions.h */,
				03B057E918DCFB8D0010EF87 /* NSFileHandle_Extensions.m */,
				03B057EA18DCFB8D0010EF87 /* NSFileManager_Extensions.h */,
				03B057EB18DCFB8D0010EF87 /* NSFileManager_Extensions.m */,
				03B057EC18DCFB8D0010EF87 /* NSNumber_Extensions.h */,
				03B057ED18DCFB8D0010EF87 /* NSNumber_Extensions.m */,
				03B057EE18DCFB8D0010EF87 /* NSObject_KVCExtensions.h */,
				03B057EF18DCFB8D0010EF87 /* NSObject_KVCExtensions.m */,
				03B057F018DCFB8D0010EF87 /* NSObject_KVOBlock.h */,
				03B057F118DCFB8D0010EF87 /* NSObject_KVOBlock.m */,
				03B057F218DCFB8D0010EF87 /* NSOperationQueue_Extensions.h */,
				03B057F318DCFB8D0010EF87 /* NSOperationQueue_Extensions.m */,
				03B057F418DCFB8D0010EF87 /* NSScanner_Extensions.h */,
				03B057F518DCFB8D0010EF87 /* NSScanner_Extensions.m */,
				03B057F618DCFB8D0010EF87 /* NSScanner_HTMLExtensions.h */,
				03B057F718DCFB8D0010EF87 /* NSScanner_HTMLExtensions.m */,
				03B057F818DCFB8D0010EF87 /* NSSet_Extensions.h */,
				03B057F918DCFB8D0010EF87 /* NSSet_Extensions.m */,
				03B057FA18DCFB8D0010EF87 /* NSString_Extensions.h */,
				03B057FB18DCFB8D0010EF87 /* NSString_Extensions.m */,
				03B057FC18DCFB8D0010EF87 /* NSString_HTMLExtensions.h */,
				03B057FD18DCFB8D0010EF87 /* NSString_HTMLExtensions.m */,
				03B057FE18DCFB8D0010EF87 /* NSURL_ComponentsExtensions.h */,
				03B057FF18DCFB8D0010EF87 /* NSURL_ComponentsExtensions.m */,
				03B0580018DCFB8D0010EF87 /* NSURL_DataExtensions.h */,
				03B0580118DCFB8D0010EF87 /* NSURL_DataExtensions.m */,
				03B0580218DCFB8D0010EF87 /* NSURL_Extensions.h */,
				03B0580318DCFB8D0010EF87 /* NSURL_Extensions.m */,
				03B0580418DCFB8D0010EF87 /* NSURLResponse_Extensions.h */,
				03B0580518DCFB8D0010EF87 /* NSURLResponse_Extensions.m */,
				03B0580618DCFB8D0010EF87 /* NSValue_Extensions.h */,
				03B0580718DCFB8D0010EF87 /* NSValue_Extensions.m */,
			);
			path = Extensions;
			sourceTree = "<group>";
		};
		03B057D018DCFB8D0010EF87 /* Dates */ = {
			isa = PBXGroup;
			children = (
				03B057D118DCFB8D0010EF87 /* ISO-8601-parser-0.5 */,
				03B057D418DCFB8D0010EF87 /* NSDate_Extensions.h */,
				03B057D518DCFB8D0010EF87 /* NSDate_Extensions.m */,
				03B057D618DCFB8D0010EF87 /* NSDate_InternetDateExtensions.h */,
				03B057D718DCFB8D0010EF87 /* NSDate_InternetDateExtensions.m */,
				03B057D818DCFB8D0010EF87 /* NSDate_LiberalDates.h */,
				03B057D918DCFB8D0010EF87 /* NSDate_LiberalDates.m */,
				03B057DA18DCFB8D0010EF87 /* NSDateFormatter_InternetDateExtensions.h */,
				03B057DB18DCFB8D0010EF87 /* NSDateFormatter_InternetDateExtensions.m */,
			);
			path = Dates;
			sourceTree = "<group>";
		};
		03B057D118DCFB8D0010EF87 /* ISO-8601-parser-0.5 */ = {
			isa = PBXGroup;
			children = (
				03B057D218DCFB8D0010EF87 /* ISO8601DateFormatter.h */,
				03B057D318DCFB8D0010EF87 /* ISO8601DateFormatter.m */,
			);
			path = "ISO-8601-parser-0.5";
			sourceTree = "<group>";
		};
		03B0580818DCFB8D0010EF87 /* InvocationGrabber */ = {
			isa = PBXGroup;
			children = (
				03B0580918DCFB8D0010EF87 /* CInvocationGrabber.h */,
				03B0580A18DCFB8D0010EF87 /* CInvocationGrabber.m */,
				03B0580B18DCFB8D0010EF87 /* NSObject_InvocationGrabberExtensions.h */,
				03B0580C18DCFB8D0010EF87 /* NSObject_InvocationGrabberExtensions.m */,
			);
			path = InvocationGrabber;
			sourceTree = "<group>";
		};
		03B0580D18DCFB8D0010EF87 /* Misc */ = {
			isa = PBXGroup;
			children = (
				03B0580E18DCFB8D0010EF87 /* Base64Transcoder.c */,
				03B0580F18DCFB8D0010EF87 /* Base64Transcoder.h */,
				03B0581018DCFB8D0010EF87 /* CArrayMergeHelper.h */,
				03B0581118DCFB8D0010EF87 /* CArrayMergeHelper.m */,
				03B0581218DCFB8D0010EF87 /* CDateRange.h */,
				03B0581318DCFB8D0010EF87 /* CDateRange.m */,
				03B0581418DCFB8D0010EF87 /* CFormEncodingSerialization.h */,
				03B0581518DCFB8D0010EF87 /* CFormEncodingSerialization.m */,
				03B0581618DCFB8D0010EF87 /* CJSONValueTransformer.h */,
				03B0581718DCFB8D0010EF87 /* CJSONValueTransformer.m */,
				03B0581818DCFB8D0010EF87 /* CPersistentCache.h */,
				03B0581918DCFB8D0010EF87 /* CPersistentCache.m */,
				03B0581A18DCFB8D0010EF87 /* CTemporaryData.h */,
				03B0581B18DCFB8D0010EF87 /* CTemporaryData.m */,
				03B0581C18DCFB8D0010EF87 /* CTemporaryFile.h */,
				03B0581D18DCFB8D0010EF87 /* CTemporaryFile.m */,
				03B0581E18DCFB8D0010EF87 /* CTrivialTemplate.h */,
				03B0581F18DCFB8D0010EF87 /* CTrivialTemplate.m */,
				03B0582018DCFB8D0010EF87 /* CTypedData.h */,
				03B0582118DCFB8D0010EF87 /* CTypedData.m */,
				03B0582218DCFB8D0010EF87 /* CTypedData_JSONExtensions.h */,
				03B0582318DCFB8D0010EF87 /* CTypedData_JSONExtensions.m */,
				03B0582418DCFB8D0010EF87 /* CURLOperation.h */,
				03B0582518DCFB8D0010EF87 /* CURLOperation.m */,
				03B0582618DCFB8D0010EF87 /* CValueValidator.h */,
				03B0582718DCFB8D0010EF87 /* CValueValidator.m */,
				03B0582818DCFB8D0010EF87 /* CValueWrapper.h */,
				03B0582918DCFB8D0010EF87 /* CValueWrapper.m */,
				03B0582A18DCFB8D0010EF87 /* Geometry.h */,
				03B0582B18DCFB8D0010EF87 /* Geometry.m */,
			);
			path = Misc;
			sourceTree = "<group>";
		};
		03B0582C18DCFB8D0010EF87 /* Networking */ = {
			isa = PBXGroup;
			children = (
				03B0582D18DCFB8D0010EF87 /* CNetworkManager.h */,
				03B0582E18DCFB8D0010EF87 /* CNetworkManager.m */,
				03B0582F18DCFB8D0010EF87 /* CTestNetworkManager.h */,
				03B0583018DCFB8D0010EF87 /* CTestNetworkManager.m */,
			);
			path = Networking;
			sourceTree = "<group>";
		};
		03B0583218DCFB8D0010EF87 /* URLProtocols */ = {
			isa = PBXGroup;
			children = (
				03B0583318DCFB8D0010EF87 /* CBundleResourceURLProtocol.h */,
				03B0583418DCFB8D0010EF87 /* CBundleResourceURLProtocol.m */,
			);
			path = URLProtocols;
			sourceTree = "<group>";
		};
		03B0583518DCFB8D0010EF87 /* ValueTransformers */ = {
			isa = PBXGroup;
			children = (
				03B0583618DCFB8D0010EF87 /* CCommaArrayTransformer.h */,
				03B0583718DCFB8D0010EF87 /* CCommaArrayTransformer.m */,
				03B0583818DCFB8D0010EF87 /* CFloatTransformer.h */,
				03B0583918DCFB8D0010EF87 /* CFloatTransformer.m */,
				03B0583A18DCFB8D0010EF87 /* CHumanDateFormatter.h */,
				03B0583B18DCFB8D0010EF87 /* CHumanDateFormatter.m */,
				03B0583C18DCFB8D0010EF87 /* CNumberToStringValueTransformer.h */,
				03B0583D18DCFB8D0010EF87 /* CNumberToStringValueTransformer.m */,
			);
			path = ValueTransformers;
			sourceTree = "<group>";
		};
		03B0583E18DCFB8D0010EF87 /* YAKeychain */ = {
			isa = PBXGroup;
			children = (
				03B0583F18DCFB8D0010EF87 /* CYAKeychain.h */,
				03B0584018DCFB8D0010EF87 /* CYAKeychain.m */,
			);
			path = YAKeychain;
			sourceTree = "<group>";
		};
		03B058B118DCFBCE0010EF87 /* TestBed */ = {
			isa = PBXGroup;
			children = (
				45232A8D0FF423BF0015D9D0 /* UnitTests-Info.plist */,
				08FB7796FE84155DC02AAC07 /* main.m */,
			);
			path = TestBed;
			sourceTree = "<group>";
		};
		08FB7794FE84155DC02AAC07 /* UnitTesting */ = {
			isa = PBXGroup;
			children = (
				03B057C218DCFB1B0010EF87 /* Base64Tests.m */,
				03B058B218DCFC260010EF87 /* ISO8601TimeZoneTests.m */,
				03B058B118DCFBCE0010EF87 /* TestBed */,
				03B057B518DCFAFF0010EF87 /* Supporting Files */,
				03B057C418DCFB8D0010EF87 /* Source */,
				08FB779DFE84155DC02AAC07 /* External Frameworks and Libraries */,
				1AB674ADFE9D54B511CA2CBB /* Products */,
			);
			name = UnitTesting;
			sourceTree = "<group>";
		};
		08FB779DFE84155DC02AAC07 /* External Frameworks and Libraries */ = {
			isa = PBXGroup;
			children = (
				03B057B218DCFAFF0010EF87 /* XCTest.framework */,
				45943A1114488CDD0061768C /* ApplicationServices.framework */,
				45943A0F14488CD30061768C /* Quartz.framework */,
				45943A0D14488CC70061768C /* QuartzCore.framework */,
				45943A0B14488BC70061768C /* Security.framework */,
				45943A0914488B050061768C /* CoreServices.framework */,
				45943A0714488AF60061768C /* CoreData.framework */,
				08FB779EFE84155DC02AAC07 /* Foundation.framework */,
			);
			name = "External Frameworks and Libraries";
			sourceTree = "<group>";
		};
		1AB674ADFE9D54B511CA2CBB /* Products */ = {
			isa = PBXGroup;
			children = (
				8DD76FA10486AA7600D96B5E /* UnitTesting */,
				45232A8C0FF423BF0015D9D0 /* UnitTests.octest */,
				03B057B018DCFAFF0010EF87 /* TouchFoundation Tests.xctest */,
			);
			name = Products;
			sourceTree = "<group>";
		};
/* End PBXGroup section */

/* Begin PBXNativeTarget section */
		03B057AF18DCFAFF0010EF87 /* TouchFoundation Tests */ = {
			isa = PBXNativeTarget;
			buildConfigurationList = 03B057BF18DCFAFF0010EF87 /* Build configuration list for PBXNativeTarget "TouchFoundation Tests" */;
			buildPhases = (
				03B057AC18DCFAFF0010EF87 /* Sources */,
				03B057AD18DCFAFF0010EF87 /* Frameworks */,
				03B057AE18DCFAFF0010EF87 /* Resources */,
			);
			buildRules = (
			);
			dependencies = (
				03B057BE18DCFAFF0010EF87 /* PBXTargetDependency */,
			);
			name = "TouchFoundation Tests";
			productName = "TouchFoundation Tests";
			productReference = 03B057B018DCFAFF0010EF87 /* TouchFoundation Tests.xctest */;
			productType = "com.apple.product-type.bundle.unit-test";
		};
		45232A8B0FF423BF0015D9D0 /* UnitTests */ = {
			isa = PBXNativeTarget;
			buildConfigurationList = 45232A900FF423C00015D9D0 /* Build configuration list for PBXNativeTarget "UnitTests" */;
			buildPhases = (
				45232A870FF423BF0015D9D0 /* Resources */,
				45232A880FF423BF0015D9D0 /* Sources */,
				45232A890FF423BF0015D9D0 /* Frameworks */,
				45232A8A0FF423BF0015D9D0 /* ShellScript */,
			);
			buildRules = (
			);
			dependencies = (
			);
			name = UnitTests;
			productName = UnitTests;
			productReference = 45232A8C0FF423BF0015D9D0 /* UnitTests.octest */;
			productType = "com.apple.product-type.bundle";
		};
		8DD76F960486AA7600D96B5E /* TestBed */ = {
			isa = PBXNativeTarget;
			buildConfigurationList = 1DEB927408733DD40010E9CD /* Build configuration list for PBXNativeTarget "TestBed" */;
			buildPhases = (
				8DD76F990486AA7600D96B5E /* Sources */,
				8DD76F9B0486AA7600D96B5E /* Frameworks */,
				8DD76F9E0486AA7600D96B5E /* CopyFiles */,
			);
			buildRules = (
			);
			dependencies = (
			);
			name = TestBed;
			productInstallPath = "$(HOME)/bin";
			productName = UnitTesting;
			productReference = 8DD76FA10486AA7600D96B5E /* UnitTesting */;
			productType = "com.apple.product-type.tool";
		};
/* End PBXNativeTarget section */

/* Begin PBXProject section */
		08FB7793FE84155DC02AAC07 /* Project object */ = {
			isa = PBXProject;
			attributes = {
				LastUpgradeCheck = 0510;
				TargetAttributes = {
					03B057AF18DCFAFF0010EF87 = {
						TestTargetID = 8DD76F960486AA7600D96B5E;
					};
				};
			};
			buildConfigurationList = 1DEB927808733DD40010E9CD /* Build configuration list for PBXProject "UnitTesting" */;
			compatibilityVersion = "Xcode 3.2";
			developmentRegion = English;
			hasScannedForEncodings = 1;
			knownRegions = (
				en,
			);
			mainGroup = 08FB7794FE84155DC02AAC07 /* UnitTesting */;
			projectDirPath = "";
			projectRoot = "";
			targets = (
				8DD76F960486AA7600D96B5E /* TestBed */,
				45232A8B0FF423BF0015D9D0 /* UnitTests */,
				03B057AF18DCFAFF0010EF87 /* TouchFoundation Tests */,
			);
		};
/* End PBXProject section */

/* Begin PBXResourcesBuildPhase section */
		03B057AE18DCFAFF0010EF87 /* Resources */ = {
			isa = PBXResourcesBuildPhase;
			buildActionMask = 2147483647;
			files = (
				03B057B918DCFAFF0010EF87 /* InfoPlist.strings in Resources */,
			);
			runOnlyForDeploymentPostprocessing = 0;
		};
		45232A870FF423BF0015D9D0 /* Resources */ = {
			isa = PBXResourcesBuildPhase;
			buildActionMask = 2147483647;
			files = (
			);
			runOnlyForDeploymentPostprocessing = 0;
		};
/* End PBXResourcesBuildPhase section */

/* Begin PBXShellScriptBuildPhase section */
		45232A8A0FF423BF0015D9D0 /* ShellScript */ = {
			isa = PBXShellScriptBuildPhase;
			buildActionMask = 2147483647;
			files = (
			);
			inputPaths = (
			);
			outputPaths = (
			);
			runOnlyForDeploymentPostprocessing = 0;
			shellPath = /bin/sh;
			shellScript = "# Run the unit tests in this test bundle.\n\"${SYSTEM_DEVELOPER_DIR}/Tools/RunUnitTests\"\n";
		};
/* End PBXShellScriptBuildPhase section */

/* Begin PBXSourcesBuildPhase section */
		03B057AC18DCFAFF0010EF87 /* Sources */ = {
			isa = PBXSourcesBuildPhase;
			buildActionMask = 2147483647;
			files = (
				03B0585618DCFB8D0010EF87 /* NSData_Base64Extensions.m in Sources */,
				03B058AE18DCFB8D0010EF87 /* CNumberToStringValueTransformer.m in Sources */,
				03B0589E18DCFB8D0010EF87 /* CValueWrapper.m in Sources */,
				03B0585E18DCFB8D0010EF87 /* NSError_Extensions.m in Sources */,
				03B0586018DCFB8D0010EF87 /* NSFileHandle_Extensions.m in Sources */,
				03B0586618DCFB8D0010EF87 /* NSObject_KVCExtensions.m in Sources */,
				03B0587418DCFB8D0010EF87 /* NSString_HTMLExtensions.m in Sources */,
				03B058AC18DCFB8D0010EF87 /* CHumanDateFormatter.m in Sources */,
				03B0585A18DCFB8D0010EF87 /* NSData_Extensions.m in Sources */,
				03B058AA18DCFB8D0010EF87 /* CFloatTransformer.m in Sources */,
				03B0584218DCFB8D0010EF87 /* CCoreDataManager.m in Sources */,
				03B0587C18DCFB8D0010EF87 /* NSURLResponse_Extensions.m in Sources */,
				03B058A618DCFB8D0010EF87 /* CBundleResourceURLProtocol.m in Sources */,
				03B0587A18DCFB8D0010EF87 /* NSURL_Extensions.m in Sources */,
				03B0588218DCFB8D0010EF87 /* NSObject_InvocationGrabberExtensions.m in Sources */,
				03B0584818DCFB8D0010EF87 /* CBlockValueTransformer.m in Sources */,
				03B057C318DCFB1B0010EF87 /* Base64Tests.m in Sources */,
				03B058B318DCFC260010EF87 /* ISO8601TimeZoneTests.m in Sources */,
				03B0585818DCFB8D0010EF87 /* NSData_DigestExtensions.m in Sources */,
				03B058A818DCFB8D0010EF87 /* CCommaArrayTransformer.m in Sources */,
				03B0587818DCFB8D0010EF87 /* NSURL_DataExtensions.m in Sources */,
				03B0586E18DCFB8D0010EF87 /* NSScanner_HTMLExtensions.m in Sources */,
				03B0589618DCFB8D0010EF87 /* CTypedData.m in Sources */,
				03B0589818DCFB8D0010EF87 /* CTypedData_JSONExtensions.m in Sources */,
				03B058A218DCFB8D0010EF87 /* CNetworkManager.m in Sources */,
				03B0588C18DCFB8D0010EF87 /* CJSONValueTransformer.m in Sources */,
				03B0589C18DCFB8D0010EF87 /* CValueValidator.m in Sources */,
				03B0588E18DCFB8D0010EF87 /* CPersistentCache.m in Sources */,
				03B0585218DCFB8D0010EF87 /* NSDateFormatter_InternetDateExtensions.m in Sources */,
				03B0584418DCFB8D0010EF87 /* CDebuggingManagedObjectContext.m in Sources */,
				03B0589A18DCFB8D0010EF87 /* CURLOperation.m in Sources */,
				03B0586C18DCFB8D0010EF87 /* NSScanner_Extensions.m in Sources */,
				03B058B018DCFB8D0010EF87 /* CYAKeychain.m in Sources */,
				03B0584E18DCFB8D0010EF87 /* NSDate_InternetDateExtensions.m in Sources */,
				03B0589018DCFB8D0010EF87 /* CTemporaryData.m in Sources */,
				03B0589218DCFB8D0010EF87 /* CTemporaryFile.m in Sources */,
				03B0585418DCFB8D0010EF87 /* NSArray_Extensions.m in Sources */,
				03B0586218DCFB8D0010EF87 /* NSFileManager_Extensions.m in Sources */,
				03B0588A18DCFB8D0010EF87 /* CFormEncodingSerialization.m in Sources */,
				03B0584C18DCFB8D0010EF87 /* NSDate_Extensions.m in Sources */,
				03B0589418DCFB8D0010EF87 /* CTrivialTemplate.m in Sources */,
				03B0586818DCFB8D0010EF87 /* NSObject_KVOBlock.m in Sources */,
				03B058A018DCFB8D0010EF87 /* Geometry.m in Sources */,
				03B0584618DCFB8D0010EF87 /* NSManagedObjectContext_Extensions.m in Sources */,
				03B0588818DCFB8D0010EF87 /* CDateRange.m in Sources */,
				03B0588418DCFB8D0010EF87 /* Base64Transcoder.c in Sources */,
				03B0585018DCFB8D0010EF87 /* NSDate_LiberalDates.m in Sources */,
				03B0588618DCFB8D0010EF87 /* CArrayMergeHelper.m in Sources */,
				03B0587018DCFB8D0010EF87 /* NSSet_Extensions.m in Sources */,
				03B0587618DCFB8D0010EF87 /* NSURL_ComponentsExtensions.m in Sources */,
				03B0586418DCFB8D0010EF87 /* NSNumber_Extensions.m in Sources */,
				03B0586A18DCFB8D0010EF87 /* NSOperationQueue_Extensions.m in Sources */,
				03B0587218DCFB8D0010EF87 /* NSString_Extensions.m in Sources */,
				03B0587E18DCFB8D0010EF87 /* NSValue_Extensions.m in Sources */,
				03B058A418DCFB8D0010EF87 /* CTestNetworkManager.m in Sources */,
				03B0588018DCFB8D0010EF87 /* CInvocationGrabber.m in Sources */,
				03B0584A18DCFB8D0010EF87 /* ISO8601DateFormatter.m in Sources */,
				03B0585C18DCFB8D0010EF87 /* NSDecimalNumber_Extensions.m in Sources */,
			);
			runOnlyForDeploymentPostprocessing = 0;
		};
		45232A880FF423BF0015D9D0 /* Sources */ = {
			isa = PBXSourcesBuildPhase;
			buildActionMask = 2147483647;
			files = (
			);
			runOnlyForDeploymentPostprocessing = 0;
		};
		8DD76F990486AA7600D96B5E /* Sources */ = {
			isa = PBXSourcesBuildPhase;
			buildActionMask = 2147483647;
			files = (
				03B0584118DCFB8D0010EF87 /* CCoreDataManager.m in Sources */,
				03B0588F18DCFB8D0010EF87 /* CTemporaryData.m in Sources */,
				03B0587118DCFB8D0010EF87 /* NSString_Extensions.m in Sources */,
				03B0586F18DCFB8D0010EF87 /* NSSet_Extensions.m in Sources */,
				03B0587F18DCFB8D0010EF87 /* CInvocationGrabber.m in Sources */,
				03B058AF18DCFB8D0010EF87 /* CYAKeychain.m in Sources */,
				03B0587718DCFB8D0010EF87 /* NSURL_DataExtensions.m in Sources */,
				03B058AD18DCFB8D0010EF87 /* CNumberToStringValueTransformer.m in Sources */,
				03B0589518DCFB8D0010EF87 /* CTypedData.m in Sources */,
				03B0584B18DCFB8D0010EF87 /* NSDate_Extensions.m in Sources */,
				03B0587518DCFB8D0010EF87 /* NSURL_ComponentsExtensions.m in Sources */,
				03B0584918DCFB8D0010EF87 /* ISO8601DateFormatter.m in Sources */,
				03B0585518DCFB8D0010EF87 /* NSData_Base64Extensions.m in Sources */,
				03B0585B18DCFB8D0010EF87 /* NSDecimalNumber_Extensions.m in Sources */,
				03B0585F18DCFB8D0010EF87 /* NSFileHandle_Extensions.m in Sources */,
				03B0584F18DCFB8D0010EF87 /* NSDate_LiberalDates.m in Sources */,
				454063430FBF658A0023C06D /* main.m in Sources */,
				03B0585718DCFB8D0010EF87 /* NSData_DigestExtensions.m in Sources */,
				03B0584718DCFB8D0010EF87 /* CBlockValueTransformer.m in Sources */,
				03B0587918DCFB8D0010EF87 /* NSURL_Extensions.m in Sources */,
				03B0586118DCFB8D0010EF87 /* NSFileManager_Extensions.m in Sources */,
				03B0588118DCFB8D0010EF87 /* NSObject_InvocationGrabberExtensions.m in Sources */,
				03B058A918DCFB8D0010EF87 /* CFloatTransformer.m in Sources */,
				03B0585D18DCFB8D0010EF87 /* NSError_Extensions.m in Sources */,
				03B0589B18DCFB8D0010EF87 /* CValueValidator.m in Sources */,
				03B0589718DCFB8D0010EF87 /* CTypedData_JSONExtensions.m in Sources */,
				03B0587318DCFB8D0010EF87 /* NSString_HTMLExtensions.m in Sources */,
				03B0585918DCFB8D0010EF87 /* NSData_Extensions.m in Sources */,
				03B058A518DCFB8D0010EF87 /* CBundleResourceURLProtocol.m in Sources */,
				03B0584318DCFB8D0010EF87 /* CDebuggingManagedObjectContext.m in Sources */,
				03B0584518DCFB8D0010EF87 /* NSManagedObjectContext_Extensions.m in Sources */,
				03B0585118DCFB8D0010EF87 /* NSDateFormatter_InternetDateExtensions.m in Sources */,
				03B0588718DCFB8D0010EF87 /* CDateRange.m in Sources */,
				03B058AB18DCFB8D0010EF87 /* CHumanDateFormatter.m in Sources */,
				03B0588518DCFB8D0010EF87 /* CArrayMergeHelper.m in Sources */,
				03B0589118DCFB8D0010EF87 /* CTemporaryFile.m in Sources */,
				03B0586918DCFB8D0010EF87 /* NSOperationQueue_Extensions.m in Sources */,
				03B0585318DCFB8D0010EF87 /* NSArray_Extensions.m in Sources */,
				03B0587B18DCFB8D0010EF87 /* NSURLResponse_Extensions.m in Sources */,
				03B0588D18DCFB8D0010EF87 /* CPersistentCache.m in Sources */,
				03B0589318DCFB8D0010EF87 /* CTrivialTemplate.m in Sources */,
				03B0589918DCFB8D0010EF87 /* CURLOperation.m in Sources */,
				03B0584D18DCFB8D0010EF87 /* NSDate_InternetDateExtensions.m in Sources */,
				03B058A318DCFB8D0010EF87 /* CTestNetworkManager.m in Sources */,
				03B058A118DCFB8D0010EF87 /* CNetworkManager.m in Sources */,
				03B0588B18DCFB8D0010EF87 /* CJSONValueTransformer.m in Sources */,
				03B0588318DCFB8D0010EF87 /* Base64Transcoder.c in Sources */,
				03B0588918DCFB8D0010EF87 /* CFormEncodingSerialization.m in Sources */,
				03B0586B18DCFB8D0010EF87 /* NSScanner_Extensions.m in Sources */,
				03B0589F18DCFB8D0010EF87 /* Geometry.m in Sources */,
				03B0586D18DCFB8D0010EF87 /* NSScanner_HTMLExtensions.m in Sources */,
				03B0589D18DCFB8D0010EF87 /* CValueWrapper.m in Sources */,
				03B0587D18DCFB8D0010EF87 /* NSValue_Extensions.m in Sources */,
				03B0586518DCFB8D0010EF87 /* NSObject_KVCExtensions.m in Sources */,
				03B0586718DCFB8D0010EF87 /* NSObject_KVOBlock.m in Sources */,
				03B058A718DCFB8D0010EF87 /* CCommaArrayTransformer.m in Sources */,
				03B0586318DCFB8D0010EF87 /* NSNumber_Extensions.m in Sources */,
			);
			runOnlyForDeploymentPostprocessing = 0;
		};
/* End PBXSourcesBuildPhase section */

/* Begin PBXTargetDependency section */
		03B057BE18DCFAFF0010EF87 /* PBXTargetDependency */ = {
			isa = PBXTargetDependency;
			target = 8DD76F960486AA7600D96B5E /* TestBed */;
			targetProxy = 03B057BD18DCFAFF0010EF87 /* PBXContainerItemProxy */;
		};
/* End PBXTargetDependency section */

/* Begin PBXVariantGroup section */
		03B057B718DCFAFF0010EF87 /* InfoPlist.strings */ = {
			isa = PBXVariantGroup;
			children = (
				03B057B818DCFAFF0010EF87 /* en */,
			);
			name = InfoPlist.strings;
			sourceTree = "<group>";
		};
/* End PBXVariantGroup section */

/* Begin XCBuildConfiguration section */
		03B057C018DCFAFF0010EF87 /* Debug */ = {
			isa = XCBuildConfiguration;
			buildSettings = {
				ALWAYS_SEARCH_USER_PATHS = NO;
				CLANG_CXX_LANGUAGE_STANDARD = "gnu++0x";
				CLANG_CXX_LIBRARY = "libc++";
				CLANG_ENABLE_MODULES = YES;
				CLANG_WARN_DIRECT_OBJC_ISA_USAGE = YES_ERROR;
				CLANG_WARN_OBJC_ROOT_CLASS = YES_ERROR;
				COPY_PHASE_STRIP = NO;
				FRAMEWORK_SEARCH_PATHS = (
					"$(DEVELOPER_FRAMEWORKS_DIR)",
					"$(inherited)",
				);
				GCC_C_LANGUAGE_STANDARD = gnu99;
				GCC_DYNAMIC_NO_PIC = NO;
				GCC_ENABLE_OBJC_EXCEPTIONS = YES;
				GCC_PRECOMPILE_PREFIX_HEADER = YES;
				GCC_PREFIX_HEADER = "Supporting Files/TouchFoundation Tests-Prefix.pch";
				GCC_PREPROCESSOR_DEFINITIONS = (
					"DEBUG=1",
					"$(inherited)",
				);
				GCC_SYMBOLS_PRIVATE_EXTERN = NO;
				GCC_WARN_ABOUT_RETURN_TYPE = YES_ERROR;
				GCC_WARN_UNINITIALIZED_AUTOS = YES_AGGRESSIVE;
				INFOPLIST_FILE = "Supporting Files/TouchFoundation Tests-Info.plist";
				MACOSX_DEPLOYMENT_TARGET = 10.9;
				PRODUCT_NAME = "$(TARGET_NAME)";
				SDKROOT = macosx;
				WRAPPER_EXTENSION = xctest;
			};
			name = Debug;
		};
		03B057C118DCFAFF0010EF87 /* Release */ = {
			isa = XCBuildConfiguration;
			buildSettings = {
				ALWAYS_SEARCH_USER_PATHS = NO;
				CLANG_CXX_LANGUAGE_STANDARD = "gnu++0x";
				CLANG_CXX_LIBRARY = "libc++";
				CLANG_ENABLE_MODULES = YES;
				CLANG_WARN_DIRECT_OBJC_ISA_USAGE = YES_ERROR;
				CLANG_WARN_OBJC_ROOT_CLASS = YES_ERROR;
				COPY_PHASE_STRIP = YES;
				DEBUG_INFORMATION_FORMAT = "dwarf-with-dsym";
				ENABLE_NS_ASSERTIONS = NO;
				FRAMEWORK_SEARCH_PATHS = (
					"$(DEVELOPER_FRAMEWORKS_DIR)",
					"$(inherited)",
				);
				GCC_C_LANGUAGE_STANDARD = gnu99;
				GCC_ENABLE_OBJC_EXCEPTIONS = YES;
				GCC_PRECOMPILE_PREFIX_HEADER = YES;
				GCC_PREFIX_HEADER = "Supporting Files/TouchFoundation Tests-Prefix.pch";
				GCC_WARN_ABOUT_RETURN_TYPE = YES_ERROR;
				GCC_WARN_UNINITIALIZED_AUTOS = YES_AGGRESSIVE;
				INFOPLIST_FILE = "Supporting Files/TouchFoundation Tests-Info.plist";
				MACOSX_DEPLOYMENT_TARGET = 10.9;
				PRODUCT_NAME = "$(TARGET_NAME)";
				SDKROOT = macosx;
				WRAPPER_EXTENSION = xctest;
			};
			name = Release;
		};
		1DEB927508733DD40010E9CD /* Debug */ = {
			isa = XCBuildConfiguration;
			buildSettings = {
				ALWAYS_SEARCH_USER_PATHS = NO;
				COPY_PHASE_STRIP = NO;
				GCC_DYNAMIC_NO_PIC = NO;
				GCC_ENABLE_FIX_AND_CONTINUE = YES;
				GCC_OPTIMIZATION_LEVEL = 0;
				GCC_PREFIX_HEADER = ../Source/TouchcodePrefix.h;
				INSTALL_PATH = /usr/local/bin;
				PRODUCT_NAME = UnitTesting;
			};
			name = Debug;
		};
		1DEB927608733DD40010E9CD /* Release */ = {
			isa = XCBuildConfiguration;
			buildSettings = {
				ALWAYS_SEARCH_USER_PATHS = NO;
				DEBUG_INFORMATION_FORMAT = "dwarf-with-dsym";
				GCC_PREFIX_HEADER = ../Source/TouchcodePrefix.h;
				INSTALL_PATH = /usr/local/bin;
				PRODUCT_NAME = UnitTesting;
			};
			name = Release;
		};
		1DEB927908733DD40010E9CD /* Debug */ = {
			isa = XCBuildConfiguration;
			buildSettings = {
				CLANG_ENABLE_OBJC_ARC = YES;
				CLANG_WARN_BOOL_CONVERSION = YES;
				CLANG_WARN_CONSTANT_CONVERSION = YES;
				CLANG_WARN_EMPTY_BODY = YES;
				CLANG_WARN_ENUM_CONVERSION = YES;
				CLANG_WARN_INT_CONVERSION = YES;
				CLANG_WARN__DUPLICATE_METHOD_MATCH = YES;
				GCC_C_LANGUAGE_STANDARD = c99;
				GCC_OPTIMIZATION_LEVEL = 0;
				GCC_VERSION = com.apple.compilers.llvm.clang.1_0;
				GCC_WARN_64_TO_32_BIT_CONVERSION = YES;
				GCC_WARN_ABOUT_RETURN_TYPE = YES;
				GCC_WARN_UNDECLARED_SELECTOR = YES;
				GCC_WARN_UNINITIALIZED_AUTOS = YES;
				GCC_WARN_UNUSED_FUNCTION = YES;
				GCC_WARN_UNUSED_VARIABLE = YES;
				ONLY_ACTIVE_ARCH = YES;
				SDKROOT = "";
			};
			name = Debug;
		};
		1DEB927A08733DD40010E9CD /* Release */ = {
			isa = XCBuildConfiguration;
			buildSettings = {
				CLANG_ENABLE_OBJC_ARC = YES;
				CLANG_WARN_BOOL_CONVERSION = YES;
				CLANG_WARN_CONSTANT_CONVERSION = YES;
				CLANG_WARN_EMPTY_BODY = YES;
				CLANG_WARN_ENUM_CONVERSION = YES;
				CLANG_WARN_INT_CONVERSION = YES;
				CLANG_WARN__DUPLICATE_METHOD_MATCH = YES;
				GCC_C_LANGUAGE_STANDARD = c99;
				GCC_VERSION = com.apple.compilers.llvm.clang.1_0;
				GCC_WARN_64_TO_32_BIT_CONVERSION = YES;
				GCC_WARN_ABOUT_RETURN_TYPE = YES;
				GCC_WARN_UNDECLARED_SELECTOR = YES;
				GCC_WARN_UNINITIALIZED_AUTOS = YES;
				GCC_WARN_UNUSED_FUNCTION = YES;
				GCC_WARN_UNUSED_VARIABLE = YES;
				SDKROOT = "";
			};
			name = Release;
		};
		45232A8E0FF423C00015D9D0 /* Debug */ = {
			isa = XCBuildConfiguration;
			buildSettings = {
				ALWAYS_SEARCH_USER_PATHS = NO;
				COMBINE_HIDPI_IMAGES = YES;
				COPY_PHASE_STRIP = NO;
				FRAMEWORK_SEARCH_PATHS = "$(DEVELOPER_LIBRARY_DIR)/Frameworks";
				GCC_DYNAMIC_NO_PIC = NO;
				GCC_ENABLE_FIX_AND_CONTINUE = NO;
				GCC_ENABLE_OBJC_EXCEPTIONS = YES;
				GCC_MODEL_TUNING = G5;
				GCC_OPTIMIZATION_LEVEL = 0;
				GCC_PREFIX_HEADER = ../Source/TouchcodePrefix.h;
				INFOPLIST_FILE = "UnitTests-Info.plist";
				INSTALL_PATH = "$(USER_LIBRARY_DIR)/Bundles";
				OTHER_LDFLAGS = (
					"-framework",
					Cocoa,
					"-framework",
					SenTestingKit,
				);
				PREBINDING = NO;
				PRODUCT_NAME = UnitTests;
				WRAPPER_EXTENSION = octest;
			};
			name = Debug;
		};
		45232A8F0FF423C00015D9D0 /* Release */ = {
			isa = XCBuildConfiguration;
			buildSettings = {
				ALWAYS_SEARCH_USER_PATHS = NO;
				COMBINE_HIDPI_IMAGES = YES;
				COPY_PHASE_STRIP = YES;
				DEBUG_INFORMATION_FORMAT = "dwarf-with-dsym";
				FRAMEWORK_SEARCH_PATHS = "$(DEVELOPER_LIBRARY_DIR)/Frameworks";
				GCC_ENABLE_FIX_AND_CONTINUE = NO;
				GCC_ENABLE_OBJC_EXCEPTIONS = YES;
				GCC_MODEL_TUNING = G5;
				GCC_PREFIX_HEADER = ../Source/TouchcodePrefix.h;
				INFOPLIST_FILE = "UnitTests-Info.plist";
				INSTALL_PATH = "$(USER_LIBRARY_DIR)/Bundles";
				OTHER_LDFLAGS = (
					"-framework",
					Cocoa,
					"-framework",
					SenTestingKit,
				);
				PREBINDING = NO;
				PRODUCT_NAME = UnitTests;
				WRAPPER_EXTENSION = octest;
				ZERO_LINK = NO;
			};
			name = Release;
		};
/* End XCBuildConfiguration section */

/* Begin XCConfigurationList section */
		03B057BF18DCFAFF0010EF87 /* Build configuration list for PBXNativeTarget "TouchFoundation Tests" */ = {
			isa = XCConfigurationList;
			buildConfigurations = (
				03B057C018DCFAFF0010EF87 /* Debug */,
				03B057C118DCFAFF0010EF87 /* Release */,
			);
			defaultConfigurationIsVisible = 0;
			defaultConfigurationName = Release;
		};
		1DEB927408733DD40010E9CD /* Build configuration list for PBXNativeTarget "TestBed" */ = {
			isa = XCConfigurationList;
			buildConfigurations = (
				1DEB927508733DD40010E9CD /* Debug */,
				1DEB927608733DD40010E9CD /* Release */,
			);
			defaultConfigurationIsVisible = 0;
			defaultConfigurationName = Release;
		};
		1DEB927808733DD40010E9CD /* Build configuration list for PBXProject "UnitTesting" */ = {
			isa = XCConfigurationList;
			buildConfigurations = (
				1DEB927908733DD40010E9CD /* Debug */,
				1DEB927A08733DD40010E9CD /* Release */,
			);
			defaultConfigurationIsVisible = 0;
			defaultConfigurationName = Release;
		};
		45232A900FF423C00015D9D0 /* Build configuration list for PBXNativeTarget "UnitTests" */ = {
			isa = XCConfigurationList;
			buildConfigurations = (
				45232A8E0FF423C00015D9D0 /* Debug */,
				45232A8F0FF423C00015D9D0 /* Release */,
			);
			defaultConfigurationIsVisible = 0;
			defaultConfigurationName = Release;
		};
/* End XCConfigurationList section */
	};
	rootObject = 08FB7793FE84155DC02AAC07 /* Project object */;
}
